// !$*UTF8*$!
{
	archiveVersion = 1;
	classes = {
	};
	objectVersion = 50;
	objects = {

/* Begin PBXBuildFile section */
		040B03C6241500C40056567A /* NSAttributedString+JK.swift in Sources */ = {isa = PBXBuildFile; fileRef = 040B03C2241500C30056567A /* NSAttributedString+JK.swift */; };
		040B03C7241500C40056567A /* SteppedProgressBar.swift in Sources */ = {isa = PBXBuildFile; fileRef = 040B03C3241500C30056567A /* SteppedProgressBar.swift */; };
		040B03C8241500C40056567A /* CGPoint+JK.swift in Sources */ = {isa = PBXBuildFile; fileRef = 040B03C4241500C30056567A /* CGPoint+JK.swift */; };
		040B03C9241500C40056567A /* UIImage+UIColor.swift in Sources */ = {isa = PBXBuildFile; fileRef = 040B03C5241500C30056567A /* UIImage+UIColor.swift */; };
		045A2FAD241BE7AF00A0C643 /* Services.storyboard in Resources */ = {isa = PBXBuildFile; fileRef = 045A2FAC241BE7AF00A0C643 /* Services.storyboard */; };
		046732B824198EFE00DD436D /* FPEnterEmailVC.swift in Sources */ = {isa = PBXBuildFile; fileRef = 046732B724198EFE00DD436D /* FPEnterEmailVC.swift */; };
		046732BA24198F3300DD436D /* FPResetPasswordVC.swift in Sources */ = {isa = PBXBuildFile; fileRef = 046732B924198F3300DD436D /* FPResetPasswordVC.swift */; };
		04792AD32409FE8F00F781D8 /* AppDelegate.swift in Sources */ = {isa = PBXBuildFile; fileRef = 04792AD22409FE8F00F781D8 /* AppDelegate.swift */; };
		04792AD52409FE8F00F781D8 /* SceneDelegate.swift in Sources */ = {isa = PBXBuildFile; fileRef = 04792AD42409FE8F00F781D8 /* SceneDelegate.swift */; };
		04792AD72409FE8F00F781D8 /* HomeVC.swift in Sources */ = {isa = PBXBuildFile; fileRef = 04792AD62409FE8F00F781D8 /* HomeVC.swift */; };
		04792AD92409FE8F00F781D8 /* SaleVC.swift in Sources */ = {isa = PBXBuildFile; fileRef = 04792AD82409FE8F00F781D8 /* SaleVC.swift */; };
		04792ADC2409FE9000F781D8 /* Main.storyboard in Resources */ = {isa = PBXBuildFile; fileRef = 04792ADA2409FE9000F781D8 /* Main.storyboard */; };
		04792ADE2409FEA900F781D8 /* Assets.xcassets in Resources */ = {isa = PBXBuildFile; fileRef = 04792ADD2409FEA900F781D8 /* Assets.xcassets */; };
		04792AE12409FEA900F781D8 /* LaunchScreen.storyboard in Resources */ = {isa = PBXBuildFile; fileRef = 04792ADF2409FEA900F781D8 /* LaunchScreen.storyboard */; };
		04792AEF2409FF9000F781D8 /* SWRevealViewController.m in Sources */ = {isa = PBXBuildFile; fileRef = 04792AEE2409FF8F00F781D8 /* SWRevealViewController.m */; };
		04792AF1240A03CC00F781D8 /* SideMenuVC.swift in Sources */ = {isa = PBXBuildFile; fileRef = 04792AF0240A03CC00F781D8 /* SideMenuVC.swift */; };
		04792AF3240B1EE300F781D8 /* PayVC.swift in Sources */ = {isa = PBXBuildFile; fileRef = 04792AF2240B1EE300F781D8 /* PayVC.swift */; };
		04792AF5240B1F0100F781D8 /* ChargeVC.swift in Sources */ = {isa = PBXBuildFile; fileRef = 04792AF4240B1F0100F781D8 /* ChargeVC.swift */; };
		04792AF7240B2E0D00F781D8 /* iOSDropDown.swift in Sources */ = {isa = PBXBuildFile; fileRef = 04792AF6240B2E0D00F781D8 /* iOSDropDown.swift */; };
		047FA8B1240E1CF90097DD06 /* startControllerForTest.swift in Sources */ = {isa = PBXBuildFile; fileRef = 047FA8B0240E1CF90097DD06 /* startControllerForTest.swift */; };
		047FA8B3240E1E700097DD06 /* SignInVC.swift in Sources */ = {isa = PBXBuildFile; fileRef = 047FA8B2240E1E700097DD06 /* SignInVC.swift */; };
		047FA8B5240E1E910097DD06 /* SignUpVC.swift in Sources */ = {isa = PBXBuildFile; fileRef = 047FA8B4240E1E910097DD06 /* SignUpVC.swift */; };
		047FA8B8240E1F0B0097DD06 /* Authentication.storyboard in Resources */ = {isa = PBXBuildFile; fileRef = 047FA8B7240E1F0B0097DD06 /* Authentication.storyboard */; };
		047FA8BA240E36440097DD06 /* userInput.swift in Sources */ = {isa = PBXBuildFile; fileRef = 047FA8B9240E36440097DD06 /* userInput.swift */; };
		0491D856240E3A330014E34C /* extension.swift in Sources */ = {isa = PBXBuildFile; fileRef = 0491D855240E3A330014E34C /* extension.swift */; };
		0495D1CE2414511600796499 /* SignUpConfirmEmailVC.swift in Sources */ = {isa = PBXBuildFile; fileRef = 0495D1CD2414511600796499 /* SignUpConfirmEmailVC.swift */; };
		049D1DFB241A7C02003DF669 /* passwordContainer.swift in Sources */ = {isa = PBXBuildFile; fileRef = 049D1DFA241A7C02003DF669 /* passwordContainer.swift */; };
		04E9448C2412D524000EA14B /* SignUpPhoneVC.swift in Sources */ = {isa = PBXBuildFile; fileRef = 04E9448B2412D524000EA14B /* SignUpPhoneVC.swift */; };
		04E9448E2412D9A7000EA14B /* OTP.swift in Sources */ = {isa = PBXBuildFile; fileRef = 04E9448D2412D9A7000EA14B /* OTP.swift */; };
		04F4AD182415490A008CF051 /* Protocols.swift in Sources */ = {isa = PBXBuildFile; fileRef = 04F4AD172415490A008CF051 /* Protocols.swift */; };
/* End PBXBuildFile section */

/* Begin PBXFileReference section */
		040B03C2241500C30056567A /* NSAttributedString+JK.swift */ = {isa = PBXFileReference; fileEncoding = 4; lastKnownFileType = sourcecode.swift; path = "NSAttributedString+JK.swift"; sourceTree = "<group>"; };
		040B03C3241500C30056567A /* SteppedProgressBar.swift */ = {isa = PBXFileReference; fileEncoding = 4; lastKnownFileType = sourcecode.swift; path = SteppedProgressBar.swift; sourceTree = "<group>"; };
		040B03C4241500C30056567A /* CGPoint+JK.swift */ = {isa = PBXFileReference; fileEncoding = 4; lastKnownFileType = sourcecode.swift; path = "CGPoint+JK.swift"; sourceTree = "<group>"; };
		040B03C5241500C30056567A /* UIImage+UIColor.swift */ = {isa = PBXFileReference; fileEncoding = 4; lastKnownFileType = sourcecode.swift; path = "UIImage+UIColor.swift"; sourceTree = "<group>"; };
		045A2FAC241BE7AF00A0C643 /* Services.storyboard */ = {isa = PBXFileReference; lastKnownFileType = file.storyboard; path = Services.storyboard; sourceTree = "<group>"; };
		046732B724198EFE00DD436D /* FPEnterEmailVC.swift */ = {isa = PBXFileReference; lastKnownFileType = sourcecode.swift; path = FPEnterEmailVC.swift; sourceTree = "<group>"; };
		046732B924198F3300DD436D /* FPResetPasswordVC.swift */ = {isa = PBXFileReference; lastKnownFileType = sourcecode.swift; path = FPResetPasswordVC.swift; sourceTree = "<group>"; };
		04792ACF2409FE8F00F781D8 /* DN-Wallet.app */ = {isa = PBXFileReference; explicitFileType = wrapper.application; includeInIndex = 0; path = "DN-Wallet.app"; sourceTree = BUILT_PRODUCTS_DIR; };
		04792AD22409FE8F00F781D8 /* AppDelegate.swift */ = {isa = PBXFileReference; lastKnownFileType = sourcecode.swift; path = AppDelegate.swift; sourceTree = "<group>"; };
		04792AD42409FE8F00F781D8 /* SceneDelegate.swift */ = {isa = PBXFileReference; lastKnownFileType = sourcecode.swift; path = SceneDelegate.swift; sourceTree = "<group>"; };
		04792AD62409FE8F00F781D8 /* HomeVC.swift */ = {isa = PBXFileReference; lastKnownFileType = sourcecode.swift; path = HomeVC.swift; sourceTree = "<group>"; };
		04792AD82409FE8F00F781D8 /* SaleVC.swift */ = {isa = PBXFileReference; lastKnownFileType = sourcecode.swift; path = SaleVC.swift; sourceTree = "<group>"; };
		04792ADB2409FE9000F781D8 /* Base */ = {isa = PBXFileReference; lastKnownFileType = file.storyboard; name = Base; path = Base.lproj/Main.storyboard; sourceTree = "<group>"; };
		04792ADD2409FEA900F781D8 /* Assets.xcassets */ = {isa = PBXFileReference; lastKnownFileType = folder.assetcatalog; path = Assets.xcassets; sourceTree = "<group>"; };
		04792AE02409FEA900F781D8 /* Base */ = {isa = PBXFileReference; lastKnownFileType = file.storyboard; name = Base; path = Base.lproj/LaunchScreen.storyboard; sourceTree = "<group>"; };
		04792AE22409FEA900F781D8 /* Info.plist */ = {isa = PBXFileReference; lastKnownFileType = text.plist.xml; path = Info.plist; sourceTree = "<group>"; };
		04792AEC2409FF8E00F781D8 /* DN-Wallet-Bridging-Header.h */ = {isa = PBXFileReference; lastKnownFileType = sourcecode.c.h; path = "DN-Wallet-Bridging-Header.h"; sourceTree = "<group>"; };
		04792AED2409FF8F00F781D8 /* SWRevealViewController.h */ = {isa = PBXFileReference; fileEncoding = 4; lastKnownFileType = sourcecode.c.h; path = SWRevealViewController.h; sourceTree = "<group>"; };
		04792AEE2409FF8F00F781D8 /* SWRevealViewController.m */ = {isa = PBXFileReference; fileEncoding = 4; lastKnownFileType = sourcecode.c.objc; path = SWRevealViewController.m; sourceTree = "<group>"; };
		04792AF0240A03CC00F781D8 /* SideMenuVC.swift */ = {isa = PBXFileReference; lastKnownFileType = sourcecode.swift; path = SideMenuVC.swift; sourceTree = "<group>"; };
		04792AF2240B1EE300F781D8 /* PayVC.swift */ = {isa = PBXFileReference; lastKnownFileType = sourcecode.swift; path = PayVC.swift; sourceTree = "<group>"; };
		04792AF4240B1F0100F781D8 /* ChargeVC.swift */ = {isa = PBXFileReference; lastKnownFileType = sourcecode.swift; path = ChargeVC.swift; sourceTree = "<group>"; };
		04792AF6240B2E0D00F781D8 /* iOSDropDown.swift */ = {isa = PBXFileReference; fileEncoding = 4; lastKnownFileType = sourcecode.swift; path = iOSDropDown.swift; sourceTree = "<group>"; };
		047FA8B0240E1CF90097DD06 /* startControllerForTest.swift */ = {isa = PBXFileReference; lastKnownFileType = sourcecode.swift; path = startControllerForTest.swift; sourceTree = "<group>"; };
		047FA8B2240E1E700097DD06 /* SignInVC.swift */ = {isa = PBXFileReference; lastKnownFileType = sourcecode.swift; path = SignInVC.swift; sourceTree = "<group>"; };
		047FA8B4240E1E910097DD06 /* SignUpVC.swift */ = {isa = PBXFileReference; lastKnownFileType = sourcecode.swift; path = SignUpVC.swift; sourceTree = "<group>"; };
		047FA8B7240E1F0B0097DD06 /* Authentication.storyboard */ = {isa = PBXFileReference; lastKnownFileType = file.storyboard; path = Authentication.storyboard; sourceTree = "<group>"; };
		047FA8B9240E36440097DD06 /* userInput.swift */ = {isa = PBXFileReference; lastKnownFileType = sourcecode.swift; path = userInput.swift; sourceTree = "<group>"; };
		0491D855240E3A330014E34C /* extension.swift */ = {isa = PBXFileReference; lastKnownFileType = sourcecode.swift; path = extension.swift; sourceTree = "<group>"; };
		0495D1CD2414511600796499 /* SignUpConfirmEmailVC.swift */ = {isa = PBXFileReference; lastKnownFileType = sourcecode.swift; path = SignUpConfirmEmailVC.swift; sourceTree = "<group>"; };
		049D1DFA241A7C02003DF669 /* passwordContainer.swift */ = {isa = PBXFileReference; lastKnownFileType = sourcecode.swift; path = passwordContainer.swift; sourceTree = "<group>"; };
		04E9448B2412D524000EA14B /* SignUpPhoneVC.swift */ = {isa = PBXFileReference; lastKnownFileType = sourcecode.swift; path = SignUpPhoneVC.swift; sourceTree = "<group>"; };
		04E9448D2412D9A7000EA14B /* OTP.swift */ = {isa = PBXFileReference; lastKnownFileType = sourcecode.swift; path = OTP.swift; sourceTree = "<group>"; };
		04F4AD172415490A008CF051 /* Protocols.swift */ = {isa = PBXFileReference; lastKnownFileType = sourcecode.swift; path = Protocols.swift; sourceTree = "<group>"; };
/* End PBXFileReference section */

/* Begin PBXFrameworksBuildPhase section */
		04792ACC2409FE8F00F781D8 /* Frameworks */ = {
			isa = PBXFrameworksBuildPhase;
			buildActionMask = 2147483647;
			files = (
			);
			runOnlyForDeploymentPostprocessing = 0;
		};
/* End PBXFrameworksBuildPhase section */

/* Begin PBXGroup section */
		040B03C1241500A60056567A /* ProgressBar */ = {
			isa = PBXGroup;
			children = (
				040B03C4241500C30056567A /* CGPoint+JK.swift */,
				040B03C2241500C30056567A /* NSAttributedString+JK.swift */,
				040B03C3241500C30056567A /* SteppedProgressBar.swift */,
				040B03C5241500C30056567A /* UIImage+UIColor.swift */,
			);
			path = ProgressBar;
			sourceTree = "<group>";
		};
		045A2FAE241BE7E200A0C643 /* authentication VCs */ = {
			isa = PBXGroup;
			children = (
				047FA8B2240E1E700097DD06 /* SignInVC.swift */,
				047FA8B4240E1E910097DD06 /* SignUpVC.swift */,
				04E9448B2412D524000EA14B /* SignUpPhoneVC.swift */,
				0495D1CD2414511600796499 /* SignUpConfirmEmailVC.swift */,
			);
			path = "authentication VCs";
			sourceTree = "<group>";
		};
		045A2FAF241BE84F00A0C643 /* tabController VCs */ = {
			isa = PBXGroup;
			children = (
				04792AD62409FE8F00F781D8 /* HomeVC.swift */,
				04792AD82409FE8F00F781D8 /* SaleVC.swift */,
				04792AF2240B1EE300F781D8 /* PayVC.swift */,
				04792AF4240B1F0100F781D8 /* ChargeVC.swift */,
				04792AF0240A03CC00F781D8 /* SideMenuVC.swift */,
			);
			path = "tabController VCs";
			sourceTree = "<group>";
		};
		046732B624198EA600DD436D /* forgetPassword VCs */ = {
			isa = PBXGroup;
			children = (
				046732B724198EFE00DD436D /* FPEnterEmailVC.swift */,
				046732B924198F3300DD436D /* FPResetPasswordVC.swift */,
			);
			path = "forgetPassword VCs";
			sourceTree = "<group>";
		};
		04792AC62409FE8F00F781D8 = {
			isa = PBXGroup;
			children = (
				04792AD12409FE8F00F781D8 /* DN-Wallet */,
				04792AD02409FE8F00F781D8 /* Products */,
			);
			sourceTree = "<group>";
		};
		04792AD02409FE8F00F781D8 /* Products */ = {
			isa = PBXGroup;
			children = (
				04792ACF2409FE8F00F781D8 /* DN-Wallet.app */,
			);
			name = Products;
			sourceTree = "<group>";
		};
		04792AD12409FE8F00F781D8 /* DN-Wallet */ = {
			isa = PBXGroup;
			children = (
				04792AD22409FE8F00F781D8 /* AppDelegate.swift */,
				04792AD42409FE8F00F781D8 /* SceneDelegate.swift */,
				04F4AD16241548C9008CF051 /* Protocols */,
				0491D854240E3A050014E34C /* Extension */,
				04792AEB2409FF4700F781D8 /* Support files */,
				04792AEA2409FF3F00F781D8 /* Model */,
				04792AE92409FF3500F781D8 /* View */,
				04792AE82409FF2200F781D8 /* Controller */,
				047FA8B6240E1EB30097DD06 /* Storyboard */,
				04792ADD2409FEA900F781D8 /* Assets.xcassets */,
				04792AE22409FEA900F781D8 /* Info.plist */,
			);
			path = "DN-Wallet";
			sourceTree = "<group>";
		};
		04792AE82409FF2200F781D8 /* Controller */ = {
			isa = PBXGroup;
			children = (
				045A2FAF241BE84F00A0C643 /* tabController VCs */,
				047FA8B0240E1CF90097DD06 /* startControllerForTest.swift */,
				045A2FAE241BE7E200A0C643 /* authentication VCs */,
				046732B624198EA600DD436D /* forgetPassword VCs */,
			);
			path = Controller;
			sourceTree = "<group>";
		};
		04792AE92409FF3500F781D8 /* View */ = {
			isa = PBXGroup;
			children = (
				047FA8B9240E36440097DD06 /* userInput.swift */,
				04E9448D2412D9A7000EA14B /* OTP.swift */,
				049D1DFA241A7C02003DF669 /* passwordContainer.swift */,
			);
			path = View;
			sourceTree = "<group>";
		};
		04792AEA2409FF3F00F781D8 /* Model */ = {
			isa = PBXGroup;
			children = (
			);
			path = Model;
			sourceTree = "<group>";
		};
		04792AEB2409FF4700F781D8 /* Support files */ = {
			isa = PBXGroup;
			children = (
				040B03C1241500A60056567A /* ProgressBar */,
				04792AF6240B2E0D00F781D8 /* iOSDropDown.swift */,
				04792AED2409FF8F00F781D8 /* SWRevealViewController.h */,
				04792AEE2409FF8F00F781D8 /* SWRevealViewController.m */,
				04792AEC2409FF8E00F781D8 /* DN-Wallet-Bridging-Header.h */,
			);
			path = "Support files";
			sourceTree = "<group>";
		};
		047FA8B6240E1EB30097DD06 /* Storyboard */ = {
			isa = PBXGroup;
			children = (
				04792ADA2409FE9000F781D8 /* Main.storyboard */,
				04792ADF2409FEA900F781D8 /* LaunchScreen.storyboard */,
				047FA8B7240E1F0B0097DD06 /* Authentication.storyboard */,
				045A2FAC241BE7AF00A0C643 /* Services.storyboard */,
			);
			path = Storyboard;
			sourceTree = "<group>";
		};
		0491D854240E3A050014E34C /* Extension */ = {
			isa = PBXGroup;
			children = (
				0491D855240E3A330014E34C /* extension.swift */,
			);
			path = Extension;
			sourceTree = "<group>";
		};
		04F4AD16241548C9008CF051 /* Protocols */ = {
			isa = PBXGroup;
			children = (
				04F4AD172415490A008CF051 /* Protocols.swift */,
			);
			path = Protocols;
			sourceTree = "<group>";
		};
/* End PBXGroup section */

/* Begin PBXNativeTarget section */
		04792ACE2409FE8F00F781D8 /* DN-Wallet */ = {
			isa = PBXNativeTarget;
			buildConfigurationList = 04792AE52409FEA900F781D8 /* Build configuration list for PBXNativeTarget "DN-Wallet" */;
			buildPhases = (
				04792ACB2409FE8F00F781D8 /* Sources */,
				04792ACC2409FE8F00F781D8 /* Frameworks */,
				04792ACD2409FE8F00F781D8 /* Resources */,
			);
			buildRules = (
			);
			dependencies = (
			);
			name = "DN-Wallet";
			productName = "DN-Wallet";
			productReference = 04792ACF2409FE8F00F781D8 /* DN-Wallet.app */;
			productType = "com.apple.product-type.application";
		};
/* End PBXNativeTarget section */

/* Begin PBXProject section */
		04792AC72409FE8F00F781D8 /* Project object */ = {
			isa = PBXProject;
			attributes = {
				LastSwiftUpdateCheck = 1130;
				LastUpgradeCheck = 1130;
				ORGANIZATIONNAME = DN;
				TargetAttributes = {
					04792ACE2409FE8F00F781D8 = {
						CreatedOnToolsVersion = 11.3;
						LastSwiftMigration = 1130;
					};
				};
			};
			buildConfigurationList = 04792ACA2409FE8F00F781D8 /* Build configuration list for PBXProject "DN-Wallet" */;
			compatibilityVersion = "Xcode 9.3";
			developmentRegion = en;
			hasScannedForEncodings = 0;
			knownRegions = (
				en,
				Base,
			);
			mainGroup = 04792AC62409FE8F00F781D8;
			productRefGroup = 04792AD02409FE8F00F781D8 /* Products */;
			projectDirPath = "";
			projectRoot = "";
			targets = (
				04792ACE2409FE8F00F781D8 /* DN-Wallet */,
			);
		};
/* End PBXProject section */

/* Begin PBXResourcesBuildPhase section */
		04792ACD2409FE8F00F781D8 /* Resources */ = {
			isa = PBXResourcesBuildPhase;
			buildActionMask = 2147483647;
			files = (
				047FA8B8240E1F0B0097DD06 /* Authentication.storyboard in Resources */,
				04792AE12409FEA900F781D8 /* LaunchScreen.storyboard in Resources */,
				04792ADE2409FEA900F781D8 /* Assets.xcassets in Resources */,
				04792ADC2409FE9000F781D8 /* Main.storyboard in Resources */,
				045A2FAD241BE7AF00A0C643 /* Services.storyboard in Resources */,
			);
			runOnlyForDeploymentPostprocessing = 0;
		};
/* End PBXResourcesBuildPhase section */

/* Begin PBXSourcesBuildPhase section */
		04792ACB2409FE8F00F781D8 /* Sources */ = {
			isa = PBXSourcesBuildPhase;
			buildActionMask = 2147483647;
			files = (
				04792AF7240B2E0D00F781D8 /* iOSDropDown.swift in Sources */,
				0491D856240E3A330014E34C /* extension.swift in Sources */,
				04792AF3240B1EE300F781D8 /* PayVC.swift in Sources */,
				04F4AD182415490A008CF051 /* Protocols.swift in Sources */,
				047FA8B1240E1CF90097DD06 /* startControllerForTest.swift in Sources */,
				0495D1CE2414511600796499 /* SignUpConfirmEmailVC.swift in Sources */,
				04792AD92409FE8F00F781D8 /* SaleVC.swift in Sources */,
				047FA8B5240E1E910097DD06 /* SignUpVC.swift in Sources */,
				040B03C9241500C40056567A /* UIImage+UIColor.swift in Sources */,
				047FA8B3240E1E700097DD06 /* SignInVC.swift in Sources */,
				04E9448E2412D9A7000EA14B /* OTP.swift in Sources */,
				04792AD72409FE8F00F781D8 /* HomeVC.swift in Sources */,
				04792AF1240A03CC00F781D8 /* SideMenuVC.swift in Sources */,
				040B03C8241500C40056567A /* CGPoint+JK.swift in Sources */,
				049D1DFB241A7C02003DF669 /* passwordContainer.swift in Sources */,
				047FA8BA240E36440097DD06 /* userInput.swift in Sources */,
				04792AF5240B1F0100F781D8 /* ChargeVC.swift in Sources */,
				04E9448C2412D524000EA14B /* SignUpPhoneVC.swift in Sources */,
				046732B824198EFE00DD436D /* FPEnterEmailVC.swift in Sources */,
				040B03C7241500C40056567A /* SteppedProgressBar.swift in Sources */,
				04792AEF2409FF9000F781D8 /* SWRevealViewController.m in Sources */,
				04792AD32409FE8F00F781D8 /* AppDelegate.swift in Sources */,
				040B03C6241500C40056567A /* NSAttributedString+JK.swift in Sources */,
				04792AD52409FE8F00F781D8 /* SceneDelegate.swift in Sources */,
				046732BA24198F3300DD436D /* FPResetPasswordVC.swift in Sources */,
			);
			runOnlyForDeploymentPostprocessing = 0;
		};
/* End PBXSourcesBuildPhase section */

/* Begin PBXVariantGroup section */
		04792ADA2409FE9000F781D8 /* Main.storyboard */ = {
			isa = PBXVariantGroup;
			children = (
				04792ADB2409FE9000F781D8 /* Base */,
			);
			name = Main.storyboard;
			sourceTree = "<group>";
		};
		04792ADF2409FEA900F781D8 /* LaunchScreen.storyboard */ = {
			isa = PBXVariantGroup;
			children = (
				04792AE02409FEA900F781D8 /* Base */,
			);
			name = LaunchScreen.storyboard;
			sourceTree = "<group>";
		};
/* End PBXVariantGroup section */

/* Begin XCBuildConfiguration section */
		04792AE32409FEA900F781D8 /* Debug */ = {
			isa = XCBuildConfiguration;
			buildSettings = {
				ALWAYS_SEARCH_USER_PATHS = NO;
				CLANG_ANALYZER_NONNULL = YES;
				CLANG_ANALYZER_NUMBER_OBJECT_CONVERSION = YES_AGGRESSIVE;
				CLANG_CXX_LANGUAGE_STANDARD = "gnu++14";
				CLANG_CXX_LIBRARY = "libc++";
				CLANG_ENABLE_MODULES = YES;
				CLANG_ENABLE_OBJC_ARC = YES;
				CLANG_ENABLE_OBJC_WEAK = YES;
				CLANG_WARN_BLOCK_CAPTURE_AUTORELEASING = YES;
				CLANG_WARN_BOOL_CONVERSION = YES;
				CLANG_WARN_COMMA = YES;
				CLANG_WARN_CONSTANT_CONVERSION = YES;
				CLANG_WARN_DEPRECATED_OBJC_IMPLEMENTATIONS = YES;
				CLANG_WARN_DIRECT_OBJC_ISA_USAGE = YES_ERROR;
				CLANG_WARN_DOCUMENTATION_COMMENTS = YES;
				CLANG_WARN_EMPTY_BODY = YES;
				CLANG_WARN_ENUM_CONVERSION = YES;
				CLANG_WARN_INFINITE_RECURSION = YES;
				CLANG_WARN_INT_CONVERSION = YES;
				CLANG_WARN_NON_LITERAL_NULL_CONVERSION = YES;
				CLANG_WARN_OBJC_IMPLICIT_RETAIN_SELF = YES;
				CLANG_WARN_OBJC_LITERAL_CONVERSION = YES;
				CLANG_WARN_OBJC_ROOT_CLASS = YES_ERROR;
				CLANG_WARN_RANGE_LOOP_ANALYSIS = YES;
				CLANG_WARN_STRICT_PROTOTYPES = YES;
				CLANG_WARN_SUSPICIOUS_MOVE = YES;
				CLANG_WARN_UNGUARDED_AVAILABILITY = YES_AGGRESSIVE;
				CLANG_WARN_UNREACHABLE_CODE = YES;
				CLANG_WARN__DUPLICATE_METHOD_MATCH = YES;
				COPY_PHASE_STRIP = NO;
				DEBUG_INFORMATION_FORMAT = dwarf;
				ENABLE_STRICT_OBJC_MSGSEND = YES;
				ENABLE_TESTABILITY = YES;
				GCC_C_LANGUAGE_STANDARD = gnu11;
				GCC_DYNAMIC_NO_PIC = NO;
				GCC_NO_COMMON_BLOCKS = YES;
				GCC_OPTIMIZATION_LEVEL = 0;
				GCC_PREPROCESSOR_DEFINITIONS = (
					"DEBUG=1",
					"$(inherited)",
				);
				GCC_WARN_64_TO_32_BIT_CONVERSION = YES;
				GCC_WARN_ABOUT_RETURN_TYPE = YES_ERROR;
				GCC_WARN_UNDECLARED_SELECTOR = YES;
				GCC_WARN_UNINITIALIZED_AUTOS = YES_AGGRESSIVE;
				GCC_WARN_UNUSED_FUNCTION = YES;
				GCC_WARN_UNUSED_VARIABLE = YES;
				IPHONEOS_DEPLOYMENT_TARGET = 13.2;
				MTL_ENABLE_DEBUG_INFO = INCLUDE_SOURCE;
				MTL_FAST_MATH = YES;
				ONLY_ACTIVE_ARCH = YES;
				SDKROOT = iphoneos;
				SWIFT_ACTIVE_COMPILATION_CONDITIONS = DEBUG;
				SWIFT_OPTIMIZATION_LEVEL = "-Onone";
			};
			name = Debug;
		};
		04792AE42409FEA900F781D8 /* Release */ = {
			isa = XCBuildConfiguration;
			buildSettings = {
				ALWAYS_SEARCH_USER_PATHS = NO;
				CLANG_ANALYZER_NONNULL = YES;
				CLANG_ANALYZER_NUMBER_OBJECT_CONVERSION = YES_AGGRESSIVE;
				CLANG_CXX_LANGUAGE_STANDARD = "gnu++14";
				CLANG_CXX_LIBRARY = "libc++";
				CLANG_ENABLE_MODULES = YES;
				CLANG_ENABLE_OBJC_ARC = YES;
				CLANG_ENABLE_OBJC_WEAK = YES;
				CLANG_WARN_BLOCK_CAPTURE_AUTORELEASING = YES;
				CLANG_WARN_BOOL_CONVERSION = YES;
				CLANG_WARN_COMMA = YES;
				CLANG_WARN_CONSTANT_CONVERSION = YES;
				CLANG_WARN_DEPRECATED_OBJC_IMPLEMENTATIONS = YES;
				CLANG_WARN_DIRECT_OBJC_ISA_USAGE = YES_ERROR;
				CLANG_WARN_DOCUMENTATION_COMMENTS = YES;
				CLANG_WARN_EMPTY_BODY = YES;
				CLANG_WARN_ENUM_CONVERSION = YES;
				CLANG_WARN_INFINITE_RECURSION = YES;
				CLANG_WARN_INT_CONVERSION = YES;
				CLANG_WARN_NON_LITERAL_NULL_CONVERSION = YES;
				CLANG_WARN_OBJC_IMPLICIT_RETAIN_SELF = YES;
				CLANG_WARN_OBJC_LITERAL_CONVERSION = YES;
				CLANG_WARN_OBJC_ROOT_CLASS = YES_ERROR;
				CLANG_WARN_RANGE_LOOP_ANALYSIS = YES;
				CLANG_WARN_STRICT_PROTOTYPES = YES;
				CLANG_WARN_SUSPICIOUS_MOVE = YES;
				CLANG_WARN_UNGUARDED_AVAILABILITY = YES_AGGRESSIVE;
				CLANG_WARN_UNREACHABLE_CODE = YES;
				CLANG_WARN__DUPLICATE_METHOD_MATCH = YES;
				COPY_PHASE_STRIP = NO;
				DEBUG_INFORMATION_FORMAT = "dwarf-with-dsym";
				ENABLE_NS_ASSERTIONS = NO;
				ENABLE_STRICT_OBJC_MSGSEND = YES;
				GCC_C_LANGUAGE_STANDARD = gnu11;
				GCC_NO_COMMON_BLOCKS = YES;
				GCC_WARN_64_TO_32_BIT_CONVERSION = YES;
				GCC_WARN_ABOUT_RETURN_TYPE = YES_ERROR;
				GCC_WARN_UNDECLARED_SELECTOR = YES;
				GCC_WARN_UNINITIALIZED_AUTOS = YES_AGGRESSIVE;
				GCC_WARN_UNUSED_FUNCTION = YES;
				GCC_WARN_UNUSED_VARIABLE = YES;
				IPHONEOS_DEPLOYMENT_TARGET = 13.2;
				MTL_ENABLE_DEBUG_INFO = NO;
				MTL_FAST_MATH = YES;
				SDKROOT = iphoneos;
				SWIFT_COMPILATION_MODE = wholemodule;
				SWIFT_OPTIMIZATION_LEVEL = "-O";
				VALIDATE_PRODUCT = YES;
			};
			name = Release;
		};
		04792AE62409FEA900F781D8 /* Debug */ = {
			isa = XCBuildConfiguration;
			buildSettings = {
				ASSETCATALOG_COMPILER_APPICON_NAME = AppIcon;
				CLANG_ENABLE_MODULES = YES;
				CODE_SIGN_ENTITLEMENTS = "DN-Wallet/DN-Wallet.entitlements";
				CODE_SIGN_IDENTITY = "Apple Development";
				CODE_SIGN_STYLE = Automatic;
				DEVELOPMENT_TEAM = "";
				INFOPLIST_FILE = "DN-Wallet/Info.plist";
				LD_RUNPATH_SEARCH_PATHS = (
					"$(inherited)",
					"@executable_path/Frameworks",
				);
				PRODUCT_BUNDLE_IDENTIFIER = "com.ahmed.eid.DN-Wallet";
				PRODUCT_NAME = "$(TARGET_NAME)";
				PROVISIONING_PROFILE_SPECIFIER = "";
				SWIFT_OBJC_BRIDGING_HEADER = "DN-Wallet/Support files/DN-Wallet-Bridging-Header.h";
				SWIFT_OPTIMIZATION_LEVEL = "-Onone";
				SWIFT_VERSION = 5.0;
				TARGETED_DEVICE_FAMILY = "1,2";
			};
			name = Debug;
		};
		04792AE72409FEA900F781D8 /* Release */ = {
			isa = XCBuildConfiguration;
			buildSettings = {
				ASSETCATALOG_COMPILER_APPICON_NAME = AppIcon;
				CLANG_ENABLE_MODULES = YES;
				CODE_SIGN_ENTITLEMENTS = "DN-Wallet/DN-Wallet.entitlements";
				CODE_SIGN_IDENTITY = "Apple Development";
				CODE_SIGN_STYLE = Automatic;
				DEVELOPMENT_TEAM = "";
				INFOPLIST_FILE = "DN-Wallet/Info.plist";
				LD_RUNPATH_SEARCH_PATHS = (
					"$(inherited)",
					"@executable_path/Frameworks",
				);
				PRODUCT_BUNDLE_IDENTIFIER = "com.ahmed.eid.DN-Wallet";
				PRODUCT_NAME = "$(TARGET_NAME)";
				PROVISIONING_PROFILE_SPECIFIER = "";
				SWIFT_OBJC_BRIDGING_HEADER = "DN-Wallet/Support files/DN-Wallet-Bridging-Header.h";
				SWIFT_VERSION = 5.0;
				TARGETED_DEVICE_FAMILY = "1,2";
			};
			name = Release;
		};
/* End XCBuildConfiguration section */

/* Begin XCConfigurationList section */
		04792ACA2409FE8F00F781D8 /* Build configuration list for PBXProject "DN-Wallet" */ = {
			isa = XCConfigurationList;
			buildConfigurations = (
				04792AE32409FEA900F781D8 /* Debug */,
				04792AE42409FEA900F781D8 /* Release */,
			);
			defaultConfigurationIsVisible = 0;
			defaultConfigurationName = Release;
		};
		04792AE52409FEA900F781D8 /* Build configuration list for PBXNativeTarget "DN-Wallet" */ = {
			isa = XCConfigurationList;
			buildConfigurations = (
				04792AE62409FEA900F781D8 /* Debug */,
				04792AE72409FEA900F781D8 /* Release */,
			);
			defaultConfigurationIsVisible = 0;
			defaultConfigurationName = Release;
		};
/* End XCConfigurationList section */
	};
	rootObject = 04792AC72409FE8F00F781D8 /* Project object */;
}
