// !$*UTF8*$!
{
	archiveVersion = 1;
	classes = {
	};
	objectVersion = 51;
	objects = {

/* Begin PBXBuildFile section */
		040F754C245E682000B66A02 /* PopUpMenu.swift in Sources */ = {isa = PBXBuildFile; fileRef = 040F754B245E682000B66A02 /* PopUpMenu.swift */; };
		040F754E245E6C5F00B66A02 /* PopMenuItem.swift in Sources */ = {isa = PBXBuildFile; fileRef = 040F754D245E6C5F00B66A02 /* PopMenuItem.swift */; };
		040F7550245E6D6800B66A02 /* PopUpMenuCell.swift in Sources */ = {isa = PBXBuildFile; fileRef = 040F754F245E6D6800B66A02 /* PopUpMenuCell.swift */; };
		041046BD243E079B0043CA77 /* SettingVC+EnableSafeModeAlert.swift in Sources */ = {isa = PBXBuildFile; fileRef = 041046BC243E079B0043CA77 /* SettingVC+EnableSafeModeAlert.swift */; };
		041046BF243E3F1F0043CA77 /* SettingVC+SetSafeModeTime.swift in Sources */ = {isa = PBXBuildFile; fileRef = 041046BE243E3F1F0043CA77 /* SettingVC+SetSafeModeTime.swift */; };
		041046C5243E65CD0043CA77 /* ContainerVC.swift in Sources */ = {isa = PBXBuildFile; fileRef = 041046C4243E65CD0043CA77 /* ContainerVC.swift */; };
		041046C7243E65DE0043CA77 /* HomeVC.swift in Sources */ = {isa = PBXBuildFile; fileRef = 041046C6243E65DE0043CA77 /* HomeVC.swift */; };
		041046C9243E661F0043CA77 /* SideMenuVC.swift in Sources */ = {isa = PBXBuildFile; fileRef = 041046C8243E661F0043CA77 /* SideMenuVC.swift */; };
		0411E582245B921A00EBBCF5 /* DonationDetailsSection.swift in Sources */ = {isa = PBXBuildFile; fileRef = 0411E581245B921A00EBBCF5 /* DonationDetailsSection.swift */; };
		0411E584245B959000EBBCF5 /* DNGradient.swift in Sources */ = {isa = PBXBuildFile; fileRef = 0411E583245B959000EBBCF5 /* DNGradient.swift */; };
		04161475242E348800782332 /* Login.swift in Sources */ = {isa = PBXBuildFile; fileRef = 04161474242E348800782332 /* Login.swift */; };
		04161477242E3FBF00782332 /* User.swift in Sources */ = {isa = PBXBuildFile; fileRef = 04161476242E3FBF00782332 /* User.swift */; };
		043429C5244ECBEA00D5D0BB /* QRScannerVC.swift in Sources */ = {isa = PBXBuildFile; fileRef = 043429C4244ECBEA00D5D0BB /* QRScannerVC.swift */; };
		045A2FB1241BFAFF00A0C643 /* HistoryVC.swift in Sources */ = {isa = PBXBuildFile; fileRef = 045A2FB0241BFAFF00A0C643 /* HistoryVC.swift */; };
		045A2FB6241C061300A0C643 /* Utilities.swift in Sources */ = {isa = PBXBuildFile; fileRef = 045A2FB5241C061300A0C643 /* Utilities.swift */; };
		045A2FB8241C089200A0C643 /* DNNavBar.swift in Sources */ = {isa = PBXBuildFile; fileRef = 045A2FB7241C089200A0C643 /* DNNavBar.swift */; };
		045A2FBA241C15D000A0C643 /* HistoryDetailsCell.swift in Sources */ = {isa = PBXBuildFile; fileRef = 045A2FB9241C15D000A0C643 /* HistoryDetailsCell.swift */; };
		045EC5E6244F96780030FAE9 /* Alert.swift in Sources */ = {isa = PBXBuildFile; fileRef = 045EC5E5244F96780030FAE9 /* Alert.swift */; };
		04659B00243CC18C00E4BFA2 /* LanguageSection.swift in Sources */ = {isa = PBXBuildFile; fileRef = 04659AFF243CC18C00E4BFA2 /* LanguageSection.swift */; };
		04659B02243CEEDF00E4BFA2 /* SettingVC+LanguageActionSheet.swift in Sources */ = {isa = PBXBuildFile; fileRef = 04659B01243CEEDF00E4BFA2 /* SettingVC+LanguageActionSheet.swift */; };
		04659B04243CFB3200E4BFA2 /* Defaults.swift in Sources */ = {isa = PBXBuildFile; fileRef = 04659B03243CFB3200E4BFA2 /* Defaults.swift */; };
		04659B08243D0A0100E4BFA2 /* ChangePasswordVC.swift in Sources */ = {isa = PBXBuildFile; fileRef = 04659B07243D0A0100E4BFA2 /* ChangePasswordVC.swift */; };
		04659B0A243D376C00E4BFA2 /* AddHeirVC.swift in Sources */ = {isa = PBXBuildFile; fileRef = 04659B09243D376C00E4BFA2 /* AddHeirVC.swift */; };
		04659B0E243D717D00E4BFA2 /* Heirs.swift in Sources */ = {isa = PBXBuildFile; fileRef = 04659B0D243D717D00E4BFA2 /* Heirs.swift */; };
		0465C6A624211D300032506D /* Currency.swift in Sources */ = {isa = PBXBuildFile; fileRef = 0465C6A524211D300032506D /* Currency.swift */; };
		0465C6CA2421A0F10032506D /* MyContactsVC.swift in Sources */ = {isa = PBXBuildFile; fileRef = 0465C6C92421A0F10032506D /* MyContactsVC.swift */; };
		0465C6CC2421A70D0032506D /* MyContactCell.swift in Sources */ = {isa = PBXBuildFile; fileRef = 0465C6CB2421A70D0032506D /* MyContactCell.swift */; };
		0465C6CE2421BD110032506D /* ExchangeCurrencyVC.swift in Sources */ = {isa = PBXBuildFile; fileRef = 0465C6CD2421BD110032506D /* ExchangeCurrencyVC.swift */; };
		046732B824198EFE00DD436D /* FPEnterEmailVC.swift in Sources */ = {isa = PBXBuildFile; fileRef = 046732B724198EFE00DD436D /* FPEnterEmailVC.swift */; };
		046732BA24198F3300DD436D /* FPResetPasswordVC.swift in Sources */ = {isa = PBXBuildFile; fileRef = 046732B924198F3300DD436D /* FPResetPasswordVC.swift */; };
		0467D75B2425673200C67D7C /* DNAnnotation.swift in Sources */ = {isa = PBXBuildFile; fileRef = 0467D75A2425673200C67D7C /* DNAnnotation.swift */; };
		04688E3A2427F02A00183DF5 /* OPT.swift in Sources */ = {isa = PBXBuildFile; fileRef = 04688E392427F02A00183DF5 /* OPT.swift */; };
		046D4C5824313924001D1463 /* ContainerViewController.swift in Sources */ = {isa = PBXBuildFile; fileRef = 046D4C5724313924001D1463 /* ContainerViewController.swift */; };
		046D4C5A24313A3F001D1463 /* PageViewController.swift in Sources */ = {isa = PBXBuildFile; fileRef = 046D4C5924313A3F001D1463 /* PageViewController.swift */; };
		046D4C5C24313A7B001D1463 /* DataViewController.swift in Sources */ = {isa = PBXBuildFile; fileRef = 046D4C5B24313A7B001D1463 /* DataViewController.swift */; };
		047040C224202BDF00BBAAF5 /* HDetails.swift in Sources */ = {isa = PBXBuildFile; fileRef = 047040C124202BDF00BBAAF5 /* HDetails.swift */; };
		047040C624202F5A00BBAAF5 /* HistoryDetailsVC.swift in Sources */ = {isa = PBXBuildFile; fileRef = 047040C524202F5A00BBAAF5 /* HistoryDetailsVC.swift */; };
		047040C82420488D00BBAAF5 /* AddNewCardVC.swift in Sources */ = {isa = PBXBuildFile; fileRef = 047040C72420488D00BBAAF5 /* AddNewCardVC.swift */; };
		047040CA242050B800BBAAF5 /* PaymentCard.swift in Sources */ = {isa = PBXBuildFile; fileRef = 047040C9242050B800BBAAF5 /* PaymentCard.swift */; };
		04792AD32409FE8F00F781D8 /* AppDelegate.swift in Sources */ = {isa = PBXBuildFile; fileRef = 04792AD22409FE8F00F781D8 /* AppDelegate.swift */; };
		04792AD52409FE8F00F781D8 /* SceneDelegate.swift in Sources */ = {isa = PBXBuildFile; fileRef = 04792AD42409FE8F00F781D8 /* SceneDelegate.swift */; };
		04792AD92409FE8F00F781D8 /* SaleVC.swift in Sources */ = {isa = PBXBuildFile; fileRef = 04792AD82409FE8F00F781D8 /* SaleVC.swift */; };
		04792ADC2409FE9000F781D8 /* Main.storyboard in Resources */ = {isa = PBXBuildFile; fileRef = 04792ADA2409FE9000F781D8 /* Main.storyboard */; };
		04792ADE2409FEA900F781D8 /* Assets.xcassets in Resources */ = {isa = PBXBuildFile; fileRef = 04792ADD2409FEA900F781D8 /* Assets.xcassets */; };
		04792AE12409FEA900F781D8 /* LaunchScreen.storyboard in Resources */ = {isa = PBXBuildFile; fileRef = 04792ADF2409FEA900F781D8 /* LaunchScreen.storyboard */; };
		04792AF3240B1EE300F781D8 /* PayVC.swift in Sources */ = {isa = PBXBuildFile; fileRef = 04792AF2240B1EE300F781D8 /* PayVC.swift */; };
		04792AF5240B1F0100F781D8 /* ChargeVC.swift in Sources */ = {isa = PBXBuildFile; fileRef = 04792AF4240B1F0100F781D8 /* ChargeVC.swift */; };
		04792AF7240B2E0D00F781D8 /* iOSDropDown.swift in Sources */ = {isa = PBXBuildFile; fileRef = 04792AF6240B2E0D00F781D8 /* iOSDropDown.swift */; };
		047A49F2243ADFCE0077A954 /* SettingVC.swift in Sources */ = {isa = PBXBuildFile; fileRef = 047A49F1243ADFCE0077A954 /* SettingVC.swift */; };
		047A49F6243AE0F20077A954 /* UserQuikDetails.swift in Sources */ = {isa = PBXBuildFile; fileRef = 047A49F5243AE0F20077A954 /* UserQuikDetails.swift */; };
		047A49F8243AEC3A0077A954 /* SettingCell.swift in Sources */ = {isa = PBXBuildFile; fileRef = 047A49F7243AEC3A0077A954 /* SettingCell.swift */; };
		047A49FA243AECBF0077A954 /* SettingSection.swift in Sources */ = {isa = PBXBuildFile; fileRef = 047A49F9243AECBF0077A954 /* SettingSection.swift */; };
		047E11D2242E888700E1295B /* AccountInfo.swift in Sources */ = {isa = PBXBuildFile; fileRef = 047E11D1242E888700E1295B /* AccountInfo.swift */; };
		047FA8B1240E1CF90097DD06 /* startControllerForTest.swift in Sources */ = {isa = PBXBuildFile; fileRef = 047FA8B0240E1CF90097DD06 /* startControllerForTest.swift */; };
		047FA8B3240E1E700097DD06 /* SignInVC.swift in Sources */ = {isa = PBXBuildFile; fileRef = 047FA8B2240E1E700097DD06 /* SignInVC.swift */; };
		047FA8B5240E1E910097DD06 /* SignUpVC.swift in Sources */ = {isa = PBXBuildFile; fileRef = 047FA8B4240E1E910097DD06 /* SignUpVC.swift */; };
		047FA8BA240E36440097DD06 /* userInput.swift in Sources */ = {isa = PBXBuildFile; fileRef = 047FA8B9240E36440097DD06 /* userInput.swift */; };
		0481B7362458C55900643CD4 /* DonationDetailsCell.swift in Sources */ = {isa = PBXBuildFile; fileRef = 0481B7352458C55900643CD4 /* DonationDetailsCell.swift */; };
		048D2F12243B512100BE464D /* EditProfileVC.swift in Sources */ = {isa = PBXBuildFile; fileRef = 048D2F11243B512100BE464D /* EditProfileVC.swift */; };
		048D2F14243B525D00BE464D /* EditProfileSection.swift in Sources */ = {isa = PBXBuildFile; fileRef = 048D2F13243B525D00BE464D /* EditProfileSection.swift */; };
		048D2F16243B5ED600BE464D /* PrivacyVC.swift in Sources */ = {isa = PBXBuildFile; fileRef = 048D2F15243B5ED600BE464D /* PrivacyVC.swift */; };
		048D2F18243B5F8B00BE464D /* PrivacySection.swift in Sources */ = {isa = PBXBuildFile; fileRef = 048D2F17243B5F8B00BE464D /* PrivacySection.swift */; };
		048D2F1A243B6F9D00BE464D /* PrivacyCell.swift in Sources */ = {isa = PBXBuildFile; fileRef = 048D2F19243B6F9D00BE464D /* PrivacyCell.swift */; };
		048D56432429D895008A8925 /* Auth.swift in Sources */ = {isa = PBXBuildFile; fileRef = 048D56422429D895008A8925 /* Auth.swift */; };
		048D56452429E701008A8925 /* Register.swift in Sources */ = {isa = PBXBuildFile; fileRef = 048D56442429E701008A8925 /* Register.swift */; };
		048DFBFB244E6591001DF711 /* QRScannerView.swift in Sources */ = {isa = PBXBuildFile; fileRef = 048DFBFA244E6591001DF711 /* QRScannerView.swift */; };
		0491D856240E3A330014E34C /* extension.swift in Sources */ = {isa = PBXBuildFile; fileRef = 0491D855240E3A330014E34C /* extension.swift */; };
		0493A843244F6BCD00F4B659 /* UserPreference.swift in Sources */ = {isa = PBXBuildFile; fileRef = 0493A842244F6BCD00F4B659 /* UserPreference.swift */; };
		0495D1CE2414511600796499 /* SignUpConfirmEmailVC.swift in Sources */ = {isa = PBXBuildFile; fileRef = 0495D1CD2414511600796499 /* SignUpConfirmEmailVC.swift */; };
		0498940D241D7A9F00E32B34 /* History.swift in Sources */ = {isa = PBXBuildFile; fileRef = 0498940C241D7A9F00E32B34 /* History.swift */; };
		049D1DFB241A7C02003DF669 /* passwordContainer.swift in Sources */ = {isa = PBXBuildFile; fileRef = 049D1DFA241A7C02003DF669 /* passwordContainer.swift */; };
		04A5A52A243F5F1A000340FB /* CGPoint+JK.swift in Sources */ = {isa = PBXBuildFile; fileRef = 04A5A526243F5F19000340FB /* CGPoint+JK.swift */; };
		04A5A52B243F5F1A000340FB /* NSAttributedString+JK.swift in Sources */ = {isa = PBXBuildFile; fileRef = 04A5A527243F5F19000340FB /* NSAttributedString+JK.swift */; };
		04A5A52C243F5F1A000340FB /* SteppedProgressBar.swift in Sources */ = {isa = PBXBuildFile; fileRef = 04A5A528243F5F1A000340FB /* SteppedProgressBar.swift */; };
		04A5A52D243F5F1A000340FB /* UIImage+UIColor.swift in Sources */ = {isa = PBXBuildFile; fileRef = 04A5A529243F5F1A000340FB /* UIImage+UIColor.swift */; };
		04A5A530243FA87B000340FB /* ServiceSection.swift in Sources */ = {isa = PBXBuildFile; fileRef = 04A5A52F243FA87B000340FB /* ServiceSection.swift */; };
		04A8D6F7242815BC00628AA3 /* SideMenuCell.swift in Sources */ = {isa = PBXBuildFile; fileRef = 04A8D6F6242815BC00628AA3 /* SideMenuCell.swift */; };
		04A8D70024282E7100628AA3 /* Authentication.storyboard in Resources */ = {isa = PBXBuildFile; fileRef = 04A8D70224282E7100628AA3 /* Authentication.storyboard */; };
		04A8D70624282F9700628AA3 /* Services.storyboard in Resources */ = {isa = PBXBuildFile; fileRef = 04A8D70824282F9700628AA3 /* Services.storyboard */; };
		04AA3A30244279E40011E4E0 /* SendAndRequesMoneyVC.swift in Sources */ = {isa = PBXBuildFile; fileRef = 04AA3A2F244279E40011E4E0 /* SendAndRequesMoneyVC.swift */; };
		04B10255242E763F00E17792 /* Contact.swift in Sources */ = {isa = PBXBuildFile; fileRef = 04B10254242E763F00E17792 /* Contact.swift */; };
		04B1C90D2422C64B0062D54F /* DonationVC.swift in Sources */ = {isa = PBXBuildFile; fileRef = 04B1C90C2422C64B0062D54F /* DonationVC.swift */; };
		04B1C90F2422C7760062D54F /* DonationCell.swift in Sources */ = {isa = PBXBuildFile; fileRef = 04B1C90E2422C7760062D54F /* DonationCell.swift */; };
		04B1C9112422D94F0062D54F /* DonationDetailsVC.swift in Sources */ = {isa = PBXBuildFile; fileRef = 04B1C9102422D94F0062D54F /* DonationDetailsVC.swift */; };
		04BDE67424467014003BCAC9 /* CurrencyCell.swift in Sources */ = {isa = PBXBuildFile; fileRef = 04BDE67324467014003BCAC9 /* CurrencyCell.swift */; };
		04DB8842242C5BC6007BA6B0 /* DNData.swift in Sources */ = {isa = PBXBuildFile; fileRef = 04DB8841242C5BC6007BA6B0 /* DNData.swift */; };
		04E9448C2412D524000EA14B /* SignUpPhoneVC.swift in Sources */ = {isa = PBXBuildFile; fileRef = 04E9448B2412D524000EA14B /* SignUpPhoneVC.swift */; };
		04FD28C424256D6B00E41EAC /* CharityOrg.swift in Sources */ = {isa = PBXBuildFile; fileRef = 04FD28C324256D6B00E41EAC /* CharityOrg.swift */; };
		04FED9D62447289C00EDD0EF /* CollectionViewHeader.swift in Sources */ = {isa = PBXBuildFile; fileRef = 04FED9D52447289C00EDD0EF /* CollectionViewHeader.swift */; };
		04FED9DA244757CE00EDD0EF /* SliderCell.swift in Sources */ = {isa = PBXBuildFile; fileRef = 04FED9D9244757CE00EDD0EF /* SliderCell.swift */; };
		9EFE329628E366D3614791F8 /* Pods_DN_Wallet.framework in Frameworks */ = {isa = PBXBuildFile; fileRef = 83B1CD7912152245F3C6C743 /* Pods_DN_Wallet.framework */; };
/* End PBXBuildFile section */

/* Begin PBXFileReference section */
		040F754B245E682000B66A02 /* PopUpMenu.swift */ = {isa = PBXFileReference; lastKnownFileType = sourcecode.swift; path = PopUpMenu.swift; sourceTree = "<group>"; };
		040F754D245E6C5F00B66A02 /* PopMenuItem.swift */ = {isa = PBXFileReference; lastKnownFileType = sourcecode.swift; path = PopMenuItem.swift; sourceTree = "<group>"; };
		040F754F245E6D6800B66A02 /* PopUpMenuCell.swift */ = {isa = PBXFileReference; lastKnownFileType = sourcecode.swift; path = PopUpMenuCell.swift; sourceTree = "<group>"; };
		041046BC243E079B0043CA77 /* SettingVC+EnableSafeModeAlert.swift */ = {isa = PBXFileReference; lastKnownFileType = sourcecode.swift; path = "SettingVC+EnableSafeModeAlert.swift"; sourceTree = "<group>"; };
		041046BE243E3F1F0043CA77 /* SettingVC+SetSafeModeTime.swift */ = {isa = PBXFileReference; lastKnownFileType = sourcecode.swift; path = "SettingVC+SetSafeModeTime.swift"; sourceTree = "<group>"; };
		041046C4243E65CD0043CA77 /* ContainerVC.swift */ = {isa = PBXFileReference; lastKnownFileType = sourcecode.swift; path = ContainerVC.swift; sourceTree = "<group>"; };
		041046C6243E65DE0043CA77 /* HomeVC.swift */ = {isa = PBXFileReference; lastKnownFileType = sourcecode.swift; path = HomeVC.swift; sourceTree = "<group>"; };
		041046C8243E661F0043CA77 /* SideMenuVC.swift */ = {isa = PBXFileReference; lastKnownFileType = sourcecode.swift; path = SideMenuVC.swift; sourceTree = "<group>"; };
		0411E581245B921A00EBBCF5 /* DonationDetailsSection.swift */ = {isa = PBXFileReference; lastKnownFileType = sourcecode.swift; path = DonationDetailsSection.swift; sourceTree = "<group>"; };
		0411E583245B959000EBBCF5 /* DNGradient.swift */ = {isa = PBXFileReference; lastKnownFileType = sourcecode.swift; path = DNGradient.swift; sourceTree = "<group>"; };
		04161474242E348800782332 /* Login.swift */ = {isa = PBXFileReference; lastKnownFileType = sourcecode.swift; path = Login.swift; sourceTree = "<group>"; };
		04161476242E3FBF00782332 /* User.swift */ = {isa = PBXFileReference; lastKnownFileType = sourcecode.swift; path = User.swift; sourceTree = "<group>"; };
		043429C4244ECBEA00D5D0BB /* QRScannerVC.swift */ = {isa = PBXFileReference; lastKnownFileType = sourcecode.swift; path = QRScannerVC.swift; sourceTree = "<group>"; };
		045A2FB0241BFAFF00A0C643 /* HistoryVC.swift */ = {isa = PBXFileReference; lastKnownFileType = sourcecode.swift; path = HistoryVC.swift; sourceTree = "<group>"; };
		045A2FB5241C061300A0C643 /* Utilities.swift */ = {isa = PBXFileReference; lastKnownFileType = sourcecode.swift; path = Utilities.swift; sourceTree = "<group>"; };
		045A2FB7241C089200A0C643 /* DNNavBar.swift */ = {isa = PBXFileReference; lastKnownFileType = sourcecode.swift; path = DNNavBar.swift; sourceTree = "<group>"; };
		045A2FB9241C15D000A0C643 /* HistoryDetailsCell.swift */ = {isa = PBXFileReference; lastKnownFileType = sourcecode.swift; path = HistoryDetailsCell.swift; sourceTree = "<group>"; };
		045EC5E5244F96780030FAE9 /* Alert.swift */ = {isa = PBXFileReference; lastKnownFileType = sourcecode.swift; path = Alert.swift; sourceTree = "<group>"; };
		04659AFF243CC18C00E4BFA2 /* LanguageSection.swift */ = {isa = PBXFileReference; lastKnownFileType = sourcecode.swift; path = LanguageSection.swift; sourceTree = "<group>"; };
		04659B01243CEEDF00E4BFA2 /* SettingVC+LanguageActionSheet.swift */ = {isa = PBXFileReference; lastKnownFileType = sourcecode.swift; path = "SettingVC+LanguageActionSheet.swift"; sourceTree = "<group>"; };
		04659B03243CFB3200E4BFA2 /* Defaults.swift */ = {isa = PBXFileReference; lastKnownFileType = sourcecode.swift; path = Defaults.swift; sourceTree = "<group>"; };
		04659B07243D0A0100E4BFA2 /* ChangePasswordVC.swift */ = {isa = PBXFileReference; lastKnownFileType = sourcecode.swift; path = ChangePasswordVC.swift; sourceTree = "<group>"; };
		04659B09243D376C00E4BFA2 /* AddHeirVC.swift */ = {isa = PBXFileReference; lastKnownFileType = sourcecode.swift; path = AddHeirVC.swift; sourceTree = "<group>"; };
		04659B0D243D717D00E4BFA2 /* Heirs.swift */ = {isa = PBXFileReference; lastKnownFileType = sourcecode.swift; path = Heirs.swift; sourceTree = "<group>"; };
		0465C6A524211D300032506D /* Currency.swift */ = {isa = PBXFileReference; lastKnownFileType = sourcecode.swift; path = Currency.swift; sourceTree = "<group>"; };
		0465C6C92421A0F10032506D /* MyContactsVC.swift */ = {isa = PBXFileReference; lastKnownFileType = sourcecode.swift; path = MyContactsVC.swift; sourceTree = "<group>"; };
		0465C6CB2421A70D0032506D /* MyContactCell.swift */ = {isa = PBXFileReference; lastKnownFileType = sourcecode.swift; path = MyContactCell.swift; sourceTree = "<group>"; };
		0465C6CD2421BD110032506D /* ExchangeCurrencyVC.swift */ = {isa = PBXFileReference; lastKnownFileType = sourcecode.swift; path = ExchangeCurrencyVC.swift; sourceTree = "<group>"; };
		046732B724198EFE00DD436D /* FPEnterEmailVC.swift */ = {isa = PBXFileReference; lastKnownFileType = sourcecode.swift; path = FPEnterEmailVC.swift; sourceTree = "<group>"; };
		046732B924198F3300DD436D /* FPResetPasswordVC.swift */ = {isa = PBXFileReference; lastKnownFileType = sourcecode.swift; path = FPResetPasswordVC.swift; sourceTree = "<group>"; };
		0467D75A2425673200C67D7C /* DNAnnotation.swift */ = {isa = PBXFileReference; lastKnownFileType = sourcecode.swift; path = DNAnnotation.swift; sourceTree = "<group>"; };
		04688E392427F02A00183DF5 /* OPT.swift */ = {isa = PBXFileReference; lastKnownFileType = sourcecode.swift; path = OPT.swift; sourceTree = "<group>"; };
		046D4C5724313924001D1463 /* ContainerViewController.swift */ = {isa = PBXFileReference; lastKnownFileType = sourcecode.swift; path = ContainerViewController.swift; sourceTree = "<group>"; };
		046D4C5924313A3F001D1463 /* PageViewController.swift */ = {isa = PBXFileReference; lastKnownFileType = sourcecode.swift; path = PageViewController.swift; sourceTree = "<group>"; };
		046D4C5B24313A7B001D1463 /* DataViewController.swift */ = {isa = PBXFileReference; lastKnownFileType = sourcecode.swift; path = DataViewController.swift; sourceTree = "<group>"; };
		047040C124202BDF00BBAAF5 /* HDetails.swift */ = {isa = PBXFileReference; lastKnownFileType = sourcecode.swift; path = HDetails.swift; sourceTree = "<group>"; };
		047040C524202F5A00BBAAF5 /* HistoryDetailsVC.swift */ = {isa = PBXFileReference; lastKnownFileType = sourcecode.swift; path = HistoryDetailsVC.swift; sourceTree = "<group>"; };
		047040C72420488D00BBAAF5 /* AddNewCardVC.swift */ = {isa = PBXFileReference; lastKnownFileType = sourcecode.swift; path = AddNewCardVC.swift; sourceTree = "<group>"; };
		047040C9242050B800BBAAF5 /* PaymentCard.swift */ = {isa = PBXFileReference; lastKnownFileType = sourcecode.swift; path = PaymentCard.swift; sourceTree = "<group>"; };
		04792ACF2409FE8F00F781D8 /* DN-Wallet.app */ = {isa = PBXFileReference; explicitFileType = wrapper.application; includeInIndex = 0; path = "DN-Wallet.app"; sourceTree = BUILT_PRODUCTS_DIR; };
		04792AD22409FE8F00F781D8 /* AppDelegate.swift */ = {isa = PBXFileReference; lastKnownFileType = sourcecode.swift; path = AppDelegate.swift; sourceTree = "<group>"; };
		04792AD42409FE8F00F781D8 /* SceneDelegate.swift */ = {isa = PBXFileReference; lastKnownFileType = sourcecode.swift; path = SceneDelegate.swift; sourceTree = "<group>"; };
		04792AD82409FE8F00F781D8 /* SaleVC.swift */ = {isa = PBXFileReference; lastKnownFileType = sourcecode.swift; path = SaleVC.swift; sourceTree = "<group>"; };
		04792ADB2409FE9000F781D8 /* Base */ = {isa = PBXFileReference; lastKnownFileType = file.storyboard; name = Base; path = Base.lproj/Main.storyboard; sourceTree = "<group>"; };
		04792ADD2409FEA900F781D8 /* Assets.xcassets */ = {isa = PBXFileReference; lastKnownFileType = folder.assetcatalog; path = Assets.xcassets; sourceTree = "<group>"; };
		04792AE02409FEA900F781D8 /* Base */ = {isa = PBXFileReference; lastKnownFileType = file.storyboard; name = Base; path = Base.lproj/LaunchScreen.storyboard; sourceTree = "<group>"; };
		04792AE22409FEA900F781D8 /* Info.plist */ = {isa = PBXFileReference; lastKnownFileType = text.plist.xml; path = Info.plist; sourceTree = "<group>"; };
		04792AF2240B1EE300F781D8 /* PayVC.swift */ = {isa = PBXFileReference; lastKnownFileType = sourcecode.swift; path = PayVC.swift; sourceTree = "<group>"; };
		04792AF4240B1F0100F781D8 /* ChargeVC.swift */ = {isa = PBXFileReference; lastKnownFileType = sourcecode.swift; path = ChargeVC.swift; sourceTree = "<group>"; };
		04792AF6240B2E0D00F781D8 /* iOSDropDown.swift */ = {isa = PBXFileReference; fileEncoding = 4; lastKnownFileType = sourcecode.swift; path = iOSDropDown.swift; sourceTree = "<group>"; };
		047A49F1243ADFCE0077A954 /* SettingVC.swift */ = {isa = PBXFileReference; lastKnownFileType = sourcecode.swift; path = SettingVC.swift; sourceTree = "<group>"; };
		047A49F5243AE0F20077A954 /* UserQuikDetails.swift */ = {isa = PBXFileReference; lastKnownFileType = sourcecode.swift; path = UserQuikDetails.swift; sourceTree = "<group>"; };
		047A49F7243AEC3A0077A954 /* SettingCell.swift */ = {isa = PBXFileReference; lastKnownFileType = sourcecode.swift; path = SettingCell.swift; sourceTree = "<group>"; };
		047A49F9243AECBF0077A954 /* SettingSection.swift */ = {isa = PBXFileReference; lastKnownFileType = sourcecode.swift; path = SettingSection.swift; sourceTree = "<group>"; };
		047E11D1242E888700E1295B /* AccountInfo.swift */ = {isa = PBXFileReference; lastKnownFileType = sourcecode.swift; path = AccountInfo.swift; sourceTree = "<group>"; };
		047FA8B0240E1CF90097DD06 /* startControllerForTest.swift */ = {isa = PBXFileReference; lastKnownFileType = sourcecode.swift; path = startControllerForTest.swift; sourceTree = "<group>"; };
		047FA8B2240E1E700097DD06 /* SignInVC.swift */ = {isa = PBXFileReference; lastKnownFileType = sourcecode.swift; path = SignInVC.swift; sourceTree = "<group>"; };
		047FA8B4240E1E910097DD06 /* SignUpVC.swift */ = {isa = PBXFileReference; lastKnownFileType = sourcecode.swift; path = SignUpVC.swift; sourceTree = "<group>"; };
		047FA8B9240E36440097DD06 /* userInput.swift */ = {isa = PBXFileReference; lastKnownFileType = sourcecode.swift; path = userInput.swift; sourceTree = "<group>"; };
		0481B7352458C55900643CD4 /* DonationDetailsCell.swift */ = {isa = PBXFileReference; lastKnownFileType = sourcecode.swift; path = DonationDetailsCell.swift; sourceTree = "<group>"; };
		048D2F11243B512100BE464D /* EditProfileVC.swift */ = {isa = PBXFileReference; lastKnownFileType = sourcecode.swift; path = EditProfileVC.swift; sourceTree = "<group>"; };
		048D2F13243B525D00BE464D /* EditProfileSection.swift */ = {isa = PBXFileReference; lastKnownFileType = sourcecode.swift; path = EditProfileSection.swift; sourceTree = "<group>"; };
		048D2F15243B5ED600BE464D /* PrivacyVC.swift */ = {isa = PBXFileReference; lastKnownFileType = sourcecode.swift; path = PrivacyVC.swift; sourceTree = "<group>"; };
		048D2F17243B5F8B00BE464D /* PrivacySection.swift */ = {isa = PBXFileReference; lastKnownFileType = sourcecode.swift; path = PrivacySection.swift; sourceTree = "<group>"; };
		048D2F19243B6F9D00BE464D /* PrivacyCell.swift */ = {isa = PBXFileReference; lastKnownFileType = sourcecode.swift; path = PrivacyCell.swift; sourceTree = "<group>"; };
		048D56422429D895008A8925 /* Auth.swift */ = {isa = PBXFileReference; lastKnownFileType = sourcecode.swift; path = Auth.swift; sourceTree = "<group>"; };
		048D56442429E701008A8925 /* Register.swift */ = {isa = PBXFileReference; lastKnownFileType = sourcecode.swift; path = Register.swift; sourceTree = "<group>"; };
		048DFBFA244E6591001DF711 /* QRScannerView.swift */ = {isa = PBXFileReference; lastKnownFileType = sourcecode.swift; path = QRScannerView.swift; sourceTree = "<group>"; };
		0491D855240E3A330014E34C /* extension.swift */ = {isa = PBXFileReference; lastKnownFileType = sourcecode.swift; path = extension.swift; sourceTree = "<group>"; };
		0493A842244F6BCD00F4B659 /* UserPreference.swift */ = {isa = PBXFileReference; lastKnownFileType = sourcecode.swift; path = UserPreference.swift; sourceTree = "<group>"; };
		0495D1CD2414511600796499 /* SignUpConfirmEmailVC.swift */ = {isa = PBXFileReference; lastKnownFileType = sourcecode.swift; path = SignUpConfirmEmailVC.swift; sourceTree = "<group>"; };
		0498940C241D7A9F00E32B34 /* History.swift */ = {isa = PBXFileReference; lastKnownFileType = sourcecode.swift; path = History.swift; sourceTree = "<group>"; };
		049D1DFA241A7C02003DF669 /* passwordContainer.swift */ = {isa = PBXFileReference; lastKnownFileType = sourcecode.swift; path = passwordContainer.swift; sourceTree = "<group>"; };
		04A5A4F3243F548C000340FB /* DN-Wallet-Bridging-Header.h */ = {isa = PBXFileReference; lastKnownFileType = sourcecode.c.h; path = "DN-Wallet-Bridging-Header.h"; sourceTree = "<group>"; };
		04A5A526243F5F19000340FB /* CGPoint+JK.swift */ = {isa = PBXFileReference; fileEncoding = 4; lastKnownFileType = sourcecode.swift; path = "CGPoint+JK.swift"; sourceTree = "<group>"; };
		04A5A527243F5F19000340FB /* NSAttributedString+JK.swift */ = {isa = PBXFileReference; fileEncoding = 4; lastKnownFileType = sourcecode.swift; path = "NSAttributedString+JK.swift"; sourceTree = "<group>"; };
		04A5A528243F5F1A000340FB /* SteppedProgressBar.swift */ = {isa = PBXFileReference; fileEncoding = 4; lastKnownFileType = sourcecode.swift; path = SteppedProgressBar.swift; sourceTree = "<group>"; };
		04A5A529243F5F1A000340FB /* UIImage+UIColor.swift */ = {isa = PBXFileReference; fileEncoding = 4; lastKnownFileType = sourcecode.swift; path = "UIImage+UIColor.swift"; sourceTree = "<group>"; };
		04A5A52F243FA87B000340FB /* ServiceSection.swift */ = {isa = PBXFileReference; lastKnownFileType = sourcecode.swift; path = ServiceSection.swift; sourceTree = "<group>"; };
		04A8D6F6242815BC00628AA3 /* SideMenuCell.swift */ = {isa = PBXFileReference; lastKnownFileType = sourcecode.swift; path = SideMenuCell.swift; sourceTree = "<group>"; };
		04A8D70324282E8100628AA3 /* Base */ = {isa = PBXFileReference; lastKnownFileType = file.storyboard; name = Base; path = Base.lproj/Authentication.storyboard; sourceTree = "<group>"; };
		04A8D70724282F9700628AA3 /* Base */ = {isa = PBXFileReference; lastKnownFileType = file.storyboard; name = Base; path = Base.lproj/Services.storyboard; sourceTree = "<group>"; };
		04AA3A2F244279E40011E4E0 /* SendAndRequesMoneyVC.swift */ = {isa = PBXFileReference; lastKnownFileType = sourcecode.swift; path = SendAndRequesMoneyVC.swift; sourceTree = "<group>"; };
		04B10254242E763F00E17792 /* Contact.swift */ = {isa = PBXFileReference; lastKnownFileType = sourcecode.swift; path = Contact.swift; sourceTree = "<group>"; };
		04B1C90C2422C64B0062D54F /* DonationVC.swift */ = {isa = PBXFileReference; lastKnownFileType = sourcecode.swift; path = DonationVC.swift; sourceTree = "<group>"; };
		04B1C90E2422C7760062D54F /* DonationCell.swift */ = {isa = PBXFileReference; lastKnownFileType = sourcecode.swift; path = DonationCell.swift; sourceTree = "<group>"; };
		04B1C9102422D94F0062D54F /* DonationDetailsVC.swift */ = {isa = PBXFileReference; lastKnownFileType = sourcecode.swift; path = DonationDetailsVC.swift; sourceTree = "<group>"; };
		04BDE67324467014003BCAC9 /* CurrencyCell.swift */ = {isa = PBXFileReference; lastKnownFileType = sourcecode.swift; path = CurrencyCell.swift; sourceTree = "<group>"; };
		04DB8841242C5BC6007BA6B0 /* DNData.swift */ = {isa = PBXFileReference; lastKnownFileType = sourcecode.swift; path = DNData.swift; sourceTree = "<group>"; };
		04E9448B2412D524000EA14B /* SignUpPhoneVC.swift */ = {isa = PBXFileReference; lastKnownFileType = sourcecode.swift; path = SignUpPhoneVC.swift; sourceTree = "<group>"; };
		04FD28C324256D6B00E41EAC /* CharityOrg.swift */ = {isa = PBXFileReference; lastKnownFileType = sourcecode.swift; path = CharityOrg.swift; sourceTree = "<group>"; };
		04FED9D52447289C00EDD0EF /* CollectionViewHeader.swift */ = {isa = PBXFileReference; lastKnownFileType = sourcecode.swift; path = CollectionViewHeader.swift; sourceTree = "<group>"; };
		04FED9D9244757CE00EDD0EF /* SliderCell.swift */ = {isa = PBXFileReference; lastKnownFileType = sourcecode.swift; path = SliderCell.swift; sourceTree = "<group>"; };
		517E0ED55DC404ABB1BACDA5 /* Pods-DN-Wallet.debug.xcconfig */ = {isa = PBXFileReference; includeInIndex = 1; lastKnownFileType = text.xcconfig; name = "Pods-DN-Wallet.debug.xcconfig"; path = "Target Support Files/Pods-DN-Wallet/Pods-DN-Wallet.debug.xcconfig"; sourceTree = "<group>"; };
		83B1CD7912152245F3C6C743 /* Pods_DN_Wallet.framework */ = {isa = PBXFileReference; explicitFileType = wrapper.framework; includeInIndex = 0; path = Pods_DN_Wallet.framework; sourceTree = BUILT_PRODUCTS_DIR; };
		ED5019DA0B2992BB024B6C88 /* Pods-DN-Wallet.release.xcconfig */ = {isa = PBXFileReference; includeInIndex = 1; lastKnownFileType = text.xcconfig; name = "Pods-DN-Wallet.release.xcconfig"; path = "Target Support Files/Pods-DN-Wallet/Pods-DN-Wallet.release.xcconfig"; sourceTree = "<group>"; };
/* End PBXFileReference section */

/* Begin PBXFrameworksBuildPhase section */
		04792ACC2409FE8F00F781D8 /* Frameworks */ = {
			isa = PBXFrameworksBuildPhase;
			buildActionMask = 2147483647;
			files = (
				9EFE329628E366D3614791F8 /* Pods_DN_Wallet.framework in Frameworks */,
			);
			runOnlyForDeploymentPostprocessing = 0;
		};
/* End PBXFrameworksBuildPhase section */

/* Begin PBXGroup section */
		041046C0243E55B60043CA77 /* ServiceViews */ = {
			isa = PBXGroup;
			children = (
				0411E580245B905500EBBCF5 /* DonationView */,
				04A8D6F6242815BC00628AA3 /* SideMenuCell.swift */,
				0465C6CB2421A70D0032506D /* MyContactCell.swift */,
				045A2FB9241C15D000A0C643 /* HistoryDetailsCell.swift */,
			);
			path = ServiceViews;
			sourceTree = "<group>";
		};
		041046C1243E56040043CA77 /* authViews */ = {
			isa = PBXGroup;
			children = (
				04688E392427F02A00183DF5 /* OPT.swift */,
				047FA8B9240E36440097DD06 /* userInput.swift */,
				049D1DFA241A7C02003DF669 /* passwordContainer.swift */,
			);
			path = authViews;
			sourceTree = "<group>";
		};
		041046C2243E565D0043CA77 /* generalViews */ = {
			isa = PBXGroup;
			children = (
				045A2FB7241C089200A0C643 /* DNNavBar.swift */,
			);
			path = generalViews;
			sourceTree = "<group>";
		};
		041046C3243E655C0043CA77 /* SideMenu+TabViewController */ = {
			isa = PBXGroup;
			children = (
				041046C4243E65CD0043CA77 /* ContainerVC.swift */,
				041046C6243E65DE0043CA77 /* HomeVC.swift */,
				041046C8243E661F0043CA77 /* SideMenuVC.swift */,
				04792AD82409FE8F00F781D8 /* SaleVC.swift */,
				04792AF2240B1EE300F781D8 /* PayVC.swift */,
				04792AF4240B1F0100F781D8 /* ChargeVC.swift */,
				043429C4244ECBEA00D5D0BB /* QRScannerVC.swift */,
			);
			path = "SideMenu+TabViewController";
			sourceTree = "<group>";
		};
		0411E580245B905500EBBCF5 /* DonationView */ = {
			isa = PBXGroup;
			children = (
				0481B7352458C55900643CD4 /* DonationDetailsCell.swift */,
				0467D75A2425673200C67D7C /* DNAnnotation.swift */,
				04B1C90E2422C7760062D54F /* DonationCell.swift */,
			);
			path = DonationView;
			sourceTree = "<group>";
		};
		045A2FAE241BE7E200A0C643 /* authentication VCs */ = {
			isa = PBXGroup;
			children = (
				047FA8B2240E1E700097DD06 /* SignInVC.swift */,
				047FA8B4240E1E910097DD06 /* SignUpVC.swift */,
				04E9448B2412D524000EA14B /* SignUpPhoneVC.swift */,
				0495D1CD2414511600796499 /* SignUpConfirmEmailVC.swift */,
			);
			path = "authentication VCs";
			sourceTree = "<group>";
		};
		045A2FB4241C05EE00A0C643 /* uitilized */ = {
			isa = PBXGroup;
			children = (
				045A2FB5241C061300A0C643 /* Utilities.swift */,
			);
			path = uitilized;
			sourceTree = "<group>";
		};
		045EC5E4244F96500030FAE9 /* Alerts */ = {
			isa = PBXGroup;
			children = (
				045EC5E5244F96780030FAE9 /* Alert.swift */,
			);
			path = Alerts;
			sourceTree = "<group>";
		};
		046732B624198EA600DD436D /* forgetPassword VCs */ = {
			isa = PBXGroup;
			children = (
				046732B724198EFE00DD436D /* FPEnterEmailVC.swift */,
				046732B924198F3300DD436D /* FPResetPasswordVC.swift */,
			);
			path = "forgetPassword VCs";
			sourceTree = "<group>";
		};
		046D4C52242F8FC8001D1463 /* lunchGuideVCs */ = {
			isa = PBXGroup;
			children = (
				046D4C5724313924001D1463 /* ContainerViewController.swift */,
				046D4C5B24313A7B001D1463 /* DataViewController.swift */,
				046D4C5924313A3F001D1463 /* PageViewController.swift */,
			);
			path = lunchGuideVCs;
			sourceTree = "<group>";
		};
		04792AC62409FE8F00F781D8 = {
			isa = PBXGroup;
			children = (
				04792AD12409FE8F00F781D8 /* DN-Wallet */,
				04792AD02409FE8F00F781D8 /* Products */,
				737534BA9590337C21977477 /* Pods */,
				367A6082E09A231FA70083AA /* Frameworks */,
			);
			sourceTree = "<group>";
		};
		04792AD02409FE8F00F781D8 /* Products */ = {
			isa = PBXGroup;
			children = (
				04792ACF2409FE8F00F781D8 /* DN-Wallet.app */,
			);
			name = Products;
			sourceTree = "<group>";
		};
		04792AD12409FE8F00F781D8 /* DN-Wallet */ = {
			isa = PBXGroup;
			children = (
				048D56402429D077008A8925 /* Core */,
				045A2FB4241C05EE00A0C643 /* uitilized */,
				0491D854240E3A050014E34C /* Extension */,
				04792AEB2409FF4700F781D8 /* Support files */,
				04792AEA2409FF3F00F781D8 /* Model */,
				04792AE92409FF3500F781D8 /* View */,
				04792AE82409FF2200F781D8 /* Controller */,
				047FA8B6240E1EB30097DD06 /* Storyboard */,
				048D56412429D0A9008A8925 /* Configure */,
			);
			path = "DN-Wallet";
			sourceTree = "<group>";
		};
		04792AE82409FF2200F781D8 /* Controller */ = {
			isa = PBXGroup;
			children = (
				045A2FAE241BE7E200A0C643 /* authentication VCs */,
				041046C3243E655C0043CA77 /* SideMenu+TabViewController */,
				047A49F0243ADC680077A954 /* SettingVCs */,
				046D4C52242F8FC8001D1463 /* lunchGuideVCs */,
				047FA8B0240E1CF90097DD06 /* startControllerForTest.swift */,
				046732B624198EA600DD436D /* forgetPassword VCs */,
				04B1C90B2422C5840062D54F /* services VCs */,
				040F754B245E682000B66A02 /* PopUpMenu.swift */,
			);
			path = Controller;
			sourceTree = "<group>";
		};
		04792AE92409FF3500F781D8 /* View */ = {
			isa = PBXGroup;
			children = (
				045EC5E4244F96500030FAE9 /* Alerts */,
				04BDE67224466FC4003BCAC9 /* tabViews */,
				041046C2243E565D0043CA77 /* generalViews */,
				047A49F4243AE02B0077A954 /* SettingViews */,
				041046C1243E56040043CA77 /* authViews */,
				041046C0243E55B60043CA77 /* ServiceViews */,
				0411E583245B959000EBBCF5 /* DNGradient.swift */,
				040F754F245E6D6800B66A02 /* PopUpMenuCell.swift */,
			);
			path = View;
			sourceTree = "<group>";
		};
		04792AEA2409FF3F00F781D8 /* Model */ = {
			isa = PBXGroup;
			children = (
				0493A844244F75D400F4B659 /* Preferences */,
				048DFBF9244DE35A001DF711 /* tabModels */,
				04A5A52E243FA835000340FB /* ServiceModels */,
				047A49F3243ADFFC0077A954 /* SettingModels */,
				048D563F2429D063008A8925 /* Network */,
				0498940C241D7A9F00E32B34 /* History.swift */,
				047040C124202BDF00BBAAF5 /* HDetails.swift */,
				047040C9242050B800BBAAF5 /* PaymentCard.swift */,
				0465C6A524211D300032506D /* Currency.swift */,
				04FD28C324256D6B00E41EAC /* CharityOrg.swift */,
				048D56442429E701008A8925 /* Register.swift */,
				04161474242E348800782332 /* Login.swift */,
				04161476242E3FBF00782332 /* User.swift */,
				04B10254242E763F00E17792 /* Contact.swift */,
				047E11D1242E888700E1295B /* AccountInfo.swift */,
				0411E581245B921A00EBBCF5 /* DonationDetailsSection.swift */,
				040F754D245E6C5F00B66A02 /* PopMenuItem.swift */,
			);
			path = Model;
			sourceTree = "<group>";
		};
		04792AEB2409FF4700F781D8 /* Support files */ = {
			isa = PBXGroup;
			children = (
				04A5A525243F5EFE000340FB /* ProgressBar */,
				04792ADD2409FEA900F781D8 /* Assets.xcassets */,
				04792AF6240B2E0D00F781D8 /* iOSDropDown.swift */,
				04A5A4F3243F548C000340FB /* DN-Wallet-Bridging-Header.h */,
			);
			path = "Support files";
			sourceTree = "<group>";
		};
		047A49F0243ADC680077A954 /* SettingVCs */ = {
			isa = PBXGroup;
			children = (
				047A49F1243ADFCE0077A954 /* SettingVC.swift */,
				04659B01243CEEDF00E4BFA2 /* SettingVC+LanguageActionSheet.swift */,
				041046BC243E079B0043CA77 /* SettingVC+EnableSafeModeAlert.swift */,
				041046BE243E3F1F0043CA77 /* SettingVC+SetSafeModeTime.swift */,
				048D2F11243B512100BE464D /* EditProfileVC.swift */,
				048D2F15243B5ED600BE464D /* PrivacyVC.swift */,
				04659B07243D0A0100E4BFA2 /* ChangePasswordVC.swift */,
				04659B09243D376C00E4BFA2 /* AddHeirVC.swift */,
			);
			path = SettingVCs;
			sourceTree = "<group>";
		};
		047A49F3243ADFFC0077A954 /* SettingModels */ = {
			isa = PBXGroup;
			children = (
				047A49F9243AECBF0077A954 /* SettingSection.swift */,
				048D2F13243B525D00BE464D /* EditProfileSection.swift */,
				048D2F17243B5F8B00BE464D /* PrivacySection.swift */,
				04659AFF243CC18C00E4BFA2 /* LanguageSection.swift */,
				04659B0D243D717D00E4BFA2 /* Heirs.swift */,
			);
			path = SettingModels;
			sourceTree = "<group>";
		};
		047A49F4243AE02B0077A954 /* SettingViews */ = {
			isa = PBXGroup;
			children = (
				047A49F5243AE0F20077A954 /* UserQuikDetails.swift */,
				047A49F7243AEC3A0077A954 /* SettingCell.swift */,
				048D2F19243B6F9D00BE464D /* PrivacyCell.swift */,
			);
			path = SettingViews;
			sourceTree = "<group>";
		};
		047FA8B6240E1EB30097DD06 /* Storyboard */ = {
			isa = PBXGroup;
			children = (
				04792ADA2409FE9000F781D8 /* Main.storyboard */,
				04792ADF2409FEA900F781D8 /* LaunchScreen.storyboard */,
				04A8D70224282E7100628AA3 /* Authentication.storyboard */,
				04A8D70824282F9700628AA3 /* Services.storyboard */,
			);
			path = Storyboard;
			sourceTree = "<group>";
		};
		048D563F2429D063008A8925 /* Network */ = {
			isa = PBXGroup;
			children = (
				048D56422429D895008A8925 /* Auth.swift */,
				04DB8841242C5BC6007BA6B0 /* DNData.swift */,
			);
			path = Network;
			sourceTree = "<group>";
		};
		048D56402429D077008A8925 /* Core */ = {
			isa = PBXGroup;
			children = (
				04792AD22409FE8F00F781D8 /* AppDelegate.swift */,
				04792AD42409FE8F00F781D8 /* SceneDelegate.swift */,
			);
			path = Core;
			sourceTree = "<group>";
		};
		048D56412429D0A9008A8925 /* Configure */ = {
			isa = PBXGroup;
			children = (
				04792AE22409FEA900F781D8 /* Info.plist */,
			);
			path = Configure;
			sourceTree = "<group>";
		};
		048DFBF9244DE35A001DF711 /* tabModels */ = {
			isa = PBXGroup;
			children = (
			);
			path = tabModels;
			sourceTree = "<group>";
		};
		0491D854240E3A050014E34C /* Extension */ = {
			isa = PBXGroup;
			children = (
				0491D855240E3A330014E34C /* extension.swift */,
			);
			path = Extension;
			sourceTree = "<group>";
		};
		0493A844244F75D400F4B659 /* Preferences */ = {
			isa = PBXGroup;
			children = (
				04659B03243CFB3200E4BFA2 /* Defaults.swift */,
				0493A842244F6BCD00F4B659 /* UserPreference.swift */,
			);
			path = Preferences;
			sourceTree = "<group>";
		};
		04A5A525243F5EFE000340FB /* ProgressBar */ = {
			isa = PBXGroup;
			children = (
				04A5A526243F5F19000340FB /* CGPoint+JK.swift */,
				04A5A527243F5F19000340FB /* NSAttributedString+JK.swift */,
				04A5A528243F5F1A000340FB /* SteppedProgressBar.swift */,
				04A5A529243F5F1A000340FB /* UIImage+UIColor.swift */,
			);
			path = ProgressBar;
			sourceTree = "<group>";
		};
		04A5A52E243FA835000340FB /* ServiceModels */ = {
			isa = PBXGroup;
			children = (
				04A5A52F243FA87B000340FB /* ServiceSection.swift */,
			);
			path = ServiceModels;
			sourceTree = "<group>";
		};
		04B1C90B2422C5840062D54F /* services VCs */ = {
			isa = PBXGroup;
			children = (
				045A2FB0241BFAFF00A0C643 /* HistoryVC.swift */,
				047040C524202F5A00BBAAF5 /* HistoryDetailsVC.swift */,
				047040C72420488D00BBAAF5 /* AddNewCardVC.swift */,
				0465C6C92421A0F10032506D /* MyContactsVC.swift */,
				0465C6CD2421BD110032506D /* ExchangeCurrencyVC.swift */,
				04B1C90C2422C64B0062D54F /* DonationVC.swift */,
				04B1C9102422D94F0062D54F /* DonationDetailsVC.swift */,
				04AA3A2F244279E40011E4E0 /* SendAndRequesMoneyVC.swift */,
			);
			path = "services VCs";
			sourceTree = "<group>";
		};
		04BDE67224466FC4003BCAC9 /* tabViews */ = {
			isa = PBXGroup;
			children = (
				04BDE67324467014003BCAC9 /* CurrencyCell.swift */,
				04FED9D52447289C00EDD0EF /* CollectionViewHeader.swift */,
				04FED9D9244757CE00EDD0EF /* SliderCell.swift */,
				048DFBFA244E6591001DF711 /* QRScannerView.swift */,
			);
			path = tabViews;
			sourceTree = "<group>";
		};
		367A6082E09A231FA70083AA /* Frameworks */ = {
			isa = PBXGroup;
			children = (
				83B1CD7912152245F3C6C743 /* Pods_DN_Wallet.framework */,
			);
			name = Frameworks;
			sourceTree = "<group>";
		};
		737534BA9590337C21977477 /* Pods */ = {
			isa = PBXGroup;
			children = (
				517E0ED55DC404ABB1BACDA5 /* Pods-DN-Wallet.debug.xcconfig */,
				ED5019DA0B2992BB024B6C88 /* Pods-DN-Wallet.release.xcconfig */,
			);
			path = Pods;
			sourceTree = "<group>";
		};
/* End PBXGroup section */

/* Begin PBXNativeTarget section */
		04792ACE2409FE8F00F781D8 /* DN-Wallet */ = {
			isa = PBXNativeTarget;
			buildConfigurationList = 04792AE52409FEA900F781D8 /* Build configuration list for PBXNativeTarget "DN-Wallet" */;
			buildPhases = (
				064B5F007212D3AB3CF5984C /* [CP] Check Pods Manifest.lock */,
				04792ACB2409FE8F00F781D8 /* Sources */,
				04792ACC2409FE8F00F781D8 /* Frameworks */,
				04792ACD2409FE8F00F781D8 /* Resources */,
				EA8BBE526EDFEA9FE9BBED41 /* [CP] Embed Pods Frameworks */,
			);
			buildRules = (
			);
			dependencies = (
			);
			name = "DN-Wallet";
			productName = "DN-Wallet";
			productReference = 04792ACF2409FE8F00F781D8 /* DN-Wallet.app */;
			productType = "com.apple.product-type.application";
		};
/* End PBXNativeTarget section */

/* Begin PBXProject section */
		04792AC72409FE8F00F781D8 /* Project object */ = {
			isa = PBXProject;
			attributes = {
				LastSwiftUpdateCheck = 1130;
				LastUpgradeCheck = 1130;
				ORGANIZATIONNAME = DN;
				TargetAttributes = {
					04792ACE2409FE8F00F781D8 = {
						CreatedOnToolsVersion = 11.3;
						LastSwiftMigration = 1130;
					};
				};
			};
			buildConfigurationList = 04792ACA2409FE8F00F781D8 /* Build configuration list for PBXProject "DN-Wallet" */;
			compatibilityVersion = "Xcode 9.3";
			developmentRegion = en;
			hasScannedForEncodings = 0;
			knownRegions = (
				en,
				Base,
				ar,
			);
			mainGroup = 04792AC62409FE8F00F781D8;
			productRefGroup = 04792AD02409FE8F00F781D8 /* Products */;
			projectDirPath = "";
			projectRoot = "";
			targets = (
				04792ACE2409FE8F00F781D8 /* DN-Wallet */,
			);
		};
/* End PBXProject section */

/* Begin PBXResourcesBuildPhase section */
		04792ACD2409FE8F00F781D8 /* Resources */ = {
			isa = PBXResourcesBuildPhase;
			buildActionMask = 2147483647;
			files = (
				04A8D70024282E7100628AA3 /* Authentication.storyboard in Resources */,
				04792AE12409FEA900F781D8 /* LaunchScreen.storyboard in Resources */,
				04792ADE2409FEA900F781D8 /* Assets.xcassets in Resources */,
				04792ADC2409FE9000F781D8 /* Main.storyboard in Resources */,
				04A8D70624282F9700628AA3 /* Services.storyboard in Resources */,
			);
			runOnlyForDeploymentPostprocessing = 0;
		};
/* End PBXResourcesBuildPhase section */

/* Begin PBXShellScriptBuildPhase section */
		064B5F007212D3AB3CF5984C /* [CP] Check Pods Manifest.lock */ = {
			isa = PBXShellScriptBuildPhase;
			buildActionMask = 2147483647;
			files = (
			);
			inputFileListPaths = (
			);
			inputPaths = (
				"${PODS_PODFILE_DIR_PATH}/Podfile.lock",
				"${PODS_ROOT}/Manifest.lock",
			);
			name = "[CP] Check Pods Manifest.lock";
			outputFileListPaths = (
			);
			outputPaths = (
				"$(DERIVED_FILE_DIR)/Pods-DN-Wallet-checkManifestLockResult.txt",
			);
			runOnlyForDeploymentPostprocessing = 0;
			shellPath = /bin/sh;
			shellScript = "diff \"${PODS_PODFILE_DIR_PATH}/Podfile.lock\" \"${PODS_ROOT}/Manifest.lock\" > /dev/null\nif [ $? != 0 ] ; then\n    # print error to STDERR\n    echo \"error: The sandbox is not in sync with the Podfile.lock. Run 'pod install' or update your CocoaPods installation.\" >&2\n    exit 1\nfi\n# This output is used by Xcode 'outputs' to avoid re-running this script phase.\necho \"SUCCESS\" > \"${SCRIPT_OUTPUT_FILE_0}\"\n";
			showEnvVarsInLog = 0;
		};
		EA8BBE526EDFEA9FE9BBED41 /* [CP] Embed Pods Frameworks */ = {
			isa = PBXShellScriptBuildPhase;
			buildActionMask = 2147483647;
			files = (
			);
			inputFileListPaths = (
				"${PODS_ROOT}/Target Support Files/Pods-DN-Wallet/Pods-DN-Wallet-frameworks-${CONFIGURATION}-input-files.xcfilelist",
			);
			name = "[CP] Embed Pods Frameworks";
			outputFileListPaths = (
				"${PODS_ROOT}/Target Support Files/Pods-DN-Wallet/Pods-DN-Wallet-frameworks-${CONFIGURATION}-output-files.xcfilelist",
			);
			runOnlyForDeploymentPostprocessing = 0;
			shellPath = /bin/sh;
			shellScript = "\"${PODS_ROOT}/Target Support Files/Pods-DN-Wallet/Pods-DN-Wallet-frameworks.sh\"\n";
			showEnvVarsInLog = 0;
		};
/* End PBXShellScriptBuildPhase section */

/* Begin PBXSourcesBuildPhase section */
		04792ACB2409FE8F00F781D8 /* Sources */ = {
			isa = PBXSourcesBuildPhase;
			buildActionMask = 2147483647;
			files = (
				04B10255242E763F00E17792 /* Contact.swift in Sources */,
				04A5A52A243F5F1A000340FB /* CGPoint+JK.swift in Sources */,
				04659B00243CC18C00E4BFA2 /* LanguageSection.swift in Sources */,
				047A49F2243ADFCE0077A954 /* SettingVC.swift in Sources */,
				041046BF243E3F1F0043CA77 /* SettingVC+SetSafeModeTime.swift in Sources */,
				0411E584245B959000EBBCF5 /* DNGradient.swift in Sources */,
				0465C6CC2421A70D0032506D /* MyContactCell.swift in Sources */,
				040F754E245E6C5F00B66A02 /* PopMenuItem.swift in Sources */,
				041046C9243E661F0043CA77 /* SideMenuVC.swift in Sources */,
				048D56452429E701008A8925 /* Register.swift in Sources */,
				04792AF7240B2E0D00F781D8 /* iOSDropDown.swift in Sources */,
				0491D856240E3A330014E34C /* extension.swift in Sources */,
				047040C624202F5A00BBAAF5 /* HistoryDetailsVC.swift in Sources */,
				04B1C90D2422C64B0062D54F /* DonationVC.swift in Sources */,
				0493A843244F6BCD00F4B659 /* UserPreference.swift in Sources */,
				048D2F16243B5ED600BE464D /* PrivacyVC.swift in Sources */,
				048D2F1A243B6F9D00BE464D /* PrivacyCell.swift in Sources */,
				04792AF3240B1EE300F781D8 /* PayVC.swift in Sources */,
				0411E582245B921A00EBBCF5 /* DonationDetailsSection.swift in Sources */,
				040F754C245E682000B66A02 /* PopUpMenu.swift in Sources */,
				048D2F12243B512100BE464D /* EditProfileVC.swift in Sources */,
				040F7550245E6D6800B66A02 /* PopUpMenuCell.swift in Sources */,
				047FA8B1240E1CF90097DD06 /* startControllerForTest.swift in Sources */,
				04659B0A243D376C00E4BFA2 /* AddHeirVC.swift in Sources */,
				041046C7243E65DE0043CA77 /* HomeVC.swift in Sources */,
				04BDE67424467014003BCAC9 /* CurrencyCell.swift in Sources */,
				0495D1CE2414511600796499 /* SignUpConfirmEmailVC.swift in Sources */,
				04FED9DA244757CE00EDD0EF /* SliderCell.swift in Sources */,
				041046BD243E079B0043CA77 /* SettingVC+EnableSafeModeAlert.swift in Sources */,
				04792AD92409FE8F00F781D8 /* SaleVC.swift in Sources */,
				043429C5244ECBEA00D5D0BB /* QRScannerVC.swift in Sources */,
				04688E3A2427F02A00183DF5 /* OPT.swift in Sources */,
				04A5A52D243F5F1A000340FB /* UIImage+UIColor.swift in Sources */,
				047A49F8243AEC3A0077A954 /* SettingCell.swift in Sources */,
				047FA8B5240E1E910097DD06 /* SignUpVC.swift in Sources */,
				04FED9D62447289C00EDD0EF /* CollectionViewHeader.swift in Sources */,
				048D56432429D895008A8925 /* Auth.swift in Sources */,
				0498940D241D7A9F00E32B34 /* History.swift in Sources */,
				0465C6CE2421BD110032506D /* ExchangeCurrencyVC.swift in Sources */,
				04A8D6F7242815BC00628AA3 /* SideMenuCell.swift in Sources */,
				048DFBFB244E6591001DF711 /* QRScannerView.swift in Sources */,
				047FA8B3240E1E700097DD06 /* SignInVC.swift in Sources */,
				045A2FB1241BFAFF00A0C643 /* HistoryVC.swift in Sources */,
				04659B04243CFB3200E4BFA2 /* Defaults.swift in Sources */,
				04161475242E348800782332 /* Login.swift in Sources */,
				0465C6CA2421A0F10032506D /* MyContactsVC.swift in Sources */,
				047040C82420488D00BBAAF5 /* AddNewCardVC.swift in Sources */,
				045A2FB8241C089200A0C643 /* DNNavBar.swift in Sources */,
				045A2FB6241C061300A0C643 /* Utilities.swift in Sources */,
				049D1DFB241A7C02003DF669 /* passwordContainer.swift in Sources */,
				04B1C90F2422C7760062D54F /* DonationCell.swift in Sources */,
				04A5A52C243F5F1A000340FB /* SteppedProgressBar.swift in Sources */,
				046D4C5C24313A7B001D1463 /* DataViewController.swift in Sources */,
				047FA8BA240E36440097DD06 /* userInput.swift in Sources */,
				04DB8842242C5BC6007BA6B0 /* DNData.swift in Sources */,
				04792AF5240B1F0100F781D8 /* ChargeVC.swift in Sources */,
				04E9448C2412D524000EA14B /* SignUpPhoneVC.swift in Sources */,
				047040CA242050B800BBAAF5 /* PaymentCard.swift in Sources */,
				047040C224202BDF00BBAAF5 /* HDetails.swift in Sources */,
				04B1C9112422D94F0062D54F /* DonationDetailsVC.swift in Sources */,
				0465C6A624211D300032506D /* Currency.swift in Sources */,
				047E11D2242E888700E1295B /* AccountInfo.swift in Sources */,
				046732B824198EFE00DD436D /* FPEnterEmailVC.swift in Sources */,
				04161477242E3FBF00782332 /* User.swift in Sources */,
				04A5A52B243F5F1A000340FB /* NSAttributedString+JK.swift in Sources */,
				048D2F18243B5F8B00BE464D /* PrivacySection.swift in Sources */,
				045EC5E6244F96780030FAE9 /* Alert.swift in Sources */,
				047A49F6243AE0F20077A954 /* UserQuikDetails.swift in Sources */,
				04659B08243D0A0100E4BFA2 /* ChangePasswordVC.swift in Sources */,
				048D2F14243B525D00BE464D /* EditProfileSection.swift in Sources */,
				04AA3A30244279E40011E4E0 /* SendAndRequesMoneyVC.swift in Sources */,
				04792AD32409FE8F00F781D8 /* AppDelegate.swift in Sources */,
				046D4C5A24313A3F001D1463 /* PageViewController.swift in Sources */,
				046D4C5824313924001D1463 /* ContainerViewController.swift in Sources */,
				04A5A530243FA87B000340FB /* ServiceSection.swift in Sources */,
				047A49FA243AECBF0077A954 /* SettingSection.swift in Sources */,
				04792AD52409FE8F00F781D8 /* SceneDelegate.swift in Sources */,
				0481B7362458C55900643CD4 /* DonationDetailsCell.swift in Sources */,
				046732BA24198F3300DD436D /* FPResetPasswordVC.swift in Sources */,
				04659B0E243D717D00E4BFA2 /* Heirs.swift in Sources */,
				0467D75B2425673200C67D7C /* DNAnnotation.swift in Sources */,
				04FD28C424256D6B00E41EAC /* CharityOrg.swift in Sources */,
				04659B02243CEEDF00E4BFA2 /* SettingVC+LanguageActionSheet.swift in Sources */,
				045A2FBA241C15D000A0C643 /* HistoryDetailsCell.swift in Sources */,
				041046C5243E65CD0043CA77 /* ContainerVC.swift in Sources */,
			);
			runOnlyForDeploymentPostprocessing = 0;
		};
/* End PBXSourcesBuildPhase section */

/* Begin PBXVariantGroup section */
		04792ADA2409FE9000F781D8 /* Main.storyboard */ = {
			isa = PBXVariantGroup;
			children = (
				04792ADB2409FE9000F781D8 /* Base */,
			);
			name = Main.storyboard;
			sourceTree = "<group>";
		};
		04792ADF2409FEA900F781D8 /* LaunchScreen.storyboard */ = {
			isa = PBXVariantGroup;
			children = (
				04792AE02409FEA900F781D8 /* Base */,
			);
			name = LaunchScreen.storyboard;
			sourceTree = "<group>";
		};
		04A8D70224282E7100628AA3 /* Authentication.storyboard */ = {
			isa = PBXVariantGroup;
			children = (
				04A8D70324282E8100628AA3 /* Base */,
			);
			name = Authentication.storyboard;
			sourceTree = "<group>";
		};
		04A8D70824282F9700628AA3 /* Services.storyboard */ = {
			isa = PBXVariantGroup;
			children = (
				04A8D70724282F9700628AA3 /* Base */,
			);
			name = Services.storyboard;
			sourceTree = "<group>";
		};
/* End PBXVariantGroup section */

/* Begin XCBuildConfiguration section */
		04792AE32409FEA900F781D8 /* Debug */ = {
			isa = XCBuildConfiguration;
			buildSettings = {
				ALWAYS_SEARCH_USER_PATHS = NO;
				CLANG_ANALYZER_LOCALIZABILITY_NONLOCALIZED = YES;
				CLANG_ANALYZER_NONNULL = YES;
				CLANG_ANALYZER_NUMBER_OBJECT_CONVERSION = YES_AGGRESSIVE;
				CLANG_CXX_LANGUAGE_STANDARD = "gnu++14";
				CLANG_CXX_LIBRARY = "libc++";
				CLANG_ENABLE_MODULES = YES;
				CLANG_ENABLE_OBJC_ARC = YES;
				CLANG_ENABLE_OBJC_WEAK = YES;
				CLANG_WARN_BLOCK_CAPTURE_AUTORELEASING = YES;
				CLANG_WARN_BOOL_CONVERSION = YES;
				CLANG_WARN_COMMA = YES;
				CLANG_WARN_CONSTANT_CONVERSION = YES;
				CLANG_WARN_DEPRECATED_OBJC_IMPLEMENTATIONS = YES;
				CLANG_WARN_DIRECT_OBJC_ISA_USAGE = YES_ERROR;
				CLANG_WARN_DOCUMENTATION_COMMENTS = YES;
				CLANG_WARN_EMPTY_BODY = YES;
				CLANG_WARN_ENUM_CONVERSION = YES;
				CLANG_WARN_INFINITE_RECURSION = YES;
				CLANG_WARN_INT_CONVERSION = YES;
				CLANG_WARN_NON_LITERAL_NULL_CONVERSION = YES;
				CLANG_WARN_OBJC_IMPLICIT_RETAIN_SELF = YES;
				CLANG_WARN_OBJC_LITERAL_CONVERSION = YES;
				CLANG_WARN_OBJC_ROOT_CLASS = YES_ERROR;
				CLANG_WARN_RANGE_LOOP_ANALYSIS = YES;
				CLANG_WARN_STRICT_PROTOTYPES = YES;
				CLANG_WARN_SUSPICIOUS_MOVE = YES;
				CLANG_WARN_UNGUARDED_AVAILABILITY = YES_AGGRESSIVE;
				CLANG_WARN_UNREACHABLE_CODE = YES;
				CLANG_WARN__DUPLICATE_METHOD_MATCH = YES;
				COPY_PHASE_STRIP = NO;
				DEBUG_INFORMATION_FORMAT = dwarf;
				ENABLE_STRICT_OBJC_MSGSEND = YES;
				ENABLE_TESTABILITY = YES;
				GCC_C_LANGUAGE_STANDARD = gnu11;
				GCC_DYNAMIC_NO_PIC = NO;
				GCC_NO_COMMON_BLOCKS = YES;
				GCC_OPTIMIZATION_LEVEL = 0;
				GCC_PREPROCESSOR_DEFINITIONS = (
					"DEBUG=1",
					"$(inherited)",
				);
				GCC_WARN_64_TO_32_BIT_CONVERSION = YES;
				GCC_WARN_ABOUT_RETURN_TYPE = YES_ERROR;
				GCC_WARN_UNDECLARED_SELECTOR = YES;
				GCC_WARN_UNINITIALIZED_AUTOS = YES_AGGRESSIVE;
				GCC_WARN_UNUSED_FUNCTION = YES;
				GCC_WARN_UNUSED_VARIABLE = YES;
				IPHONEOS_DEPLOYMENT_TARGET = 13.2;
				MTL_ENABLE_DEBUG_INFO = INCLUDE_SOURCE;
				MTL_FAST_MATH = YES;
				ONLY_ACTIVE_ARCH = YES;
				SDKROOT = iphoneos;
				SWIFT_ACTIVE_COMPILATION_CONDITIONS = DEBUG;
				SWIFT_OPTIMIZATION_LEVEL = "-Onone";
			};
			name = Debug;
		};
		04792AE42409FEA900F781D8 /* Release */ = {
			isa = XCBuildConfiguration;
			buildSettings = {
				ALWAYS_SEARCH_USER_PATHS = NO;
				CLANG_ANALYZER_LOCALIZABILITY_NONLOCALIZED = YES;
				CLANG_ANALYZER_NONNULL = YES;
				CLANG_ANALYZER_NUMBER_OBJECT_CONVERSION = YES_AGGRESSIVE;
				CLANG_CXX_LANGUAGE_STANDARD = "gnu++14";
				CLANG_CXX_LIBRARY = "libc++";
				CLANG_ENABLE_MODULES = YES;
				CLANG_ENABLE_OBJC_ARC = YES;
				CLANG_ENABLE_OBJC_WEAK = YES;
				CLANG_WARN_BLOCK_CAPTURE_AUTORELEASING = YES;
				CLANG_WARN_BOOL_CONVERSION = YES;
				CLANG_WARN_COMMA = YES;
				CLANG_WARN_CONSTANT_CONVERSION = YES;
				CLANG_WARN_DEPRECATED_OBJC_IMPLEMENTATIONS = YES;
				CLANG_WARN_DIRECT_OBJC_ISA_USAGE = YES_ERROR;
				CLANG_WARN_DOCUMENTATION_COMMENTS = YES;
				CLANG_WARN_EMPTY_BODY = YES;
				CLANG_WARN_ENUM_CONVERSION = YES;
				CLANG_WARN_INFINITE_RECURSION = YES;
				CLANG_WARN_INT_CONVERSION = YES;
				CLANG_WARN_NON_LITERAL_NULL_CONVERSION = YES;
				CLANG_WARN_OBJC_IMPLICIT_RETAIN_SELF = YES;
				CLANG_WARN_OBJC_LITERAL_CONVERSION = YES;
				CLANG_WARN_OBJC_ROOT_CLASS = YES_ERROR;
				CLANG_WARN_RANGE_LOOP_ANALYSIS = YES;
				CLANG_WARN_STRICT_PROTOTYPES = YES;
				CLANG_WARN_SUSPICIOUS_MOVE = YES;
				CLANG_WARN_UNGUARDED_AVAILABILITY = YES_AGGRESSIVE;
				CLANG_WARN_UNREACHABLE_CODE = YES;
				CLANG_WARN__DUPLICATE_METHOD_MATCH = YES;
				COPY_PHASE_STRIP = NO;
				DEBUG_INFORMATION_FORMAT = "dwarf-with-dsym";
				ENABLE_NS_ASSERTIONS = NO;
				ENABLE_STRICT_OBJC_MSGSEND = YES;
				GCC_C_LANGUAGE_STANDARD = gnu11;
				GCC_NO_COMMON_BLOCKS = YES;
				GCC_WARN_64_TO_32_BIT_CONVERSION = YES;
				GCC_WARN_ABOUT_RETURN_TYPE = YES_ERROR;
				GCC_WARN_UNDECLARED_SELECTOR = YES;
				GCC_WARN_UNINITIALIZED_AUTOS = YES_AGGRESSIVE;
				GCC_WARN_UNUSED_FUNCTION = YES;
				GCC_WARN_UNUSED_VARIABLE = YES;
				IPHONEOS_DEPLOYMENT_TARGET = 13.2;
				MTL_ENABLE_DEBUG_INFO = NO;
				MTL_FAST_MATH = YES;
				SDKROOT = iphoneos;
				SWIFT_COMPILATION_MODE = wholemodule;
				SWIFT_OPTIMIZATION_LEVEL = "-O";
				VALIDATE_PRODUCT = YES;
			};
			name = Release;
		};
		04792AE62409FEA900F781D8 /* Debug */ = {
			isa = XCBuildConfiguration;
			baseConfigurationReference = 517E0ED55DC404ABB1BACDA5 /* Pods-DN-Wallet.debug.xcconfig */;
			buildSettings = {
				ASSETCATALOG_COMPILER_APPICON_NAME = AppIcon;
				CLANG_ENABLE_MODULES = YES;
				CODE_SIGN_ENTITLEMENTS = "DN-Wallet/DN-Wallet.entitlements";
				CODE_SIGN_IDENTITY = "Apple Development";
				CODE_SIGN_STYLE = Automatic;
				DEVELOPMENT_TEAM = "";
				INFOPLIST_FILE = "DN-Wallet/Configure/Info.plist";
				LD_RUNPATH_SEARCH_PATHS = (
					"$(inherited)",
					"@executable_path/Frameworks",
				);
				PRODUCT_BUNDLE_IDENTIFIER = "com.ahmed.eid.DN-Wallet";
				PRODUCT_NAME = "$(TARGET_NAME)";
				PROVISIONING_PROFILE_SPECIFIER = "";
				SWIFT_INSTALL_OBJC_HEADER = YES;
				SWIFT_OBJC_BRIDGING_HEADER = "DN-Wallet/Support files/DN-Wallet-Bridging-Header.h";
				SWIFT_OPTIMIZATION_LEVEL = "-Onone";
				SWIFT_VERSION = 5.0;
				TARGETED_DEVICE_FAMILY = "1,2";
			};
			name = Debug;
		};
		04792AE72409FEA900F781D8 /* Release */ = {
			isa = XCBuildConfiguration;
			baseConfigurationReference = ED5019DA0B2992BB024B6C88 /* Pods-DN-Wallet.release.xcconfig */;
			buildSettings = {
				ASSETCATALOG_COMPILER_APPICON_NAME = AppIcon;
				CLANG_ENABLE_MODULES = YES;
				CODE_SIGN_ENTITLEMENTS = "DN-Wallet/DN-Wallet.entitlements";
				CODE_SIGN_IDENTITY = "Apple Development";
				CODE_SIGN_STYLE = Automatic;
				DEVELOPMENT_TEAM = "";
				INFOPLIST_FILE = "DN-Wallet/Configure/Info.plist";
				LD_RUNPATH_SEARCH_PATHS = (
					"$(inherited)",
					"@executable_path/Frameworks",
				);
				PRODUCT_BUNDLE_IDENTIFIER = "com.ahmed.eid.DN-Wallet";
				PRODUCT_NAME = "$(TARGET_NAME)";
				PROVISIONING_PROFILE_SPECIFIER = "";
				SWIFT_INSTALL_OBJC_HEADER = YES;
				SWIFT_OBJC_BRIDGING_HEADER = "DN-Wallet/Support files/DN-Wallet-Bridging-Header.h";
				SWIFT_VERSION = 5.0;
				TARGETED_DEVICE_FAMILY = "1,2";
			};
			name = Release;
		};
/* End XCBuildConfiguration section */

/* Begin XCConfigurationList section */
		04792ACA2409FE8F00F781D8 /* Build configuration list for PBXProject "DN-Wallet" */ = {
			isa = XCConfigurationList;
			buildConfigurations = (
				04792AE32409FEA900F781D8 /* Debug */,
				04792AE42409FEA900F781D8 /* Release */,
			);
			defaultConfigurationIsVisible = 0;
			defaultConfigurationName = Release;
		};
		04792AE52409FEA900F781D8 /* Build configuration list for PBXNativeTarget "DN-Wallet" */ = {
			isa = XCConfigurationList;
			buildConfigurations = (
				04792AE62409FEA900F781D8 /* Debug */,
				04792AE72409FEA900F781D8 /* Release */,
			);
			defaultConfigurationIsVisible = 0;
			defaultConfigurationName = Release;
		};
/* End XCConfigurationList section */
	};
	rootObject = 04792AC72409FE8F00F781D8 /* Project object */;
}
